
Microsoft Visual Studio Solution File, Format Version 12.00
# Visual Studio Version 16
VisualStudioVersion = 16.0.30204.135
MinimumVisualStudioVersion = 10.0.40219.1
Project("{8BC9CEB8-8B4A-11D0-8D11-00A0C91BC942}") = "CBP", "CBP\CBP.vcxproj", "{81C521CB-208B-4B01-91DE-0EC956A3E176}"
EndProject
Project("{8BC9CEB8-8B4A-11D0-8D11-00A0C91BC942}") = "sse-build-resources", "..\sse-build-resources\sse-build-resources.vcxproj", "{C59E5569-E3F3-4DA5-8313-12D90229B8C0}"
EndProject
Project("{8BC9CEB8-8B4A-11D0-8D11-00A0C91BC942}") = "common_1_5_97_vc14", "..\sse-build-resources\skse64\common\common_vc14.vcxproj", "{472E19AB-DEF0-42DF-819B-18722E8DC822}"
EndProject
Project("{8BC9CEB8-8B4A-11D0-8D11-00A0C91BC942}") = "skse64_1_5_97_common", "..\sse-build-resources\skse64\skse64\skse64_common\skse64_common.vcxproj", "{5FD1C08D-DB80-480C-A1C6-F0920005CD13}"
EndProject
Project("{8BC9CEB8-8B4A-11D0-8D11-00A0C91BC942}") = "ImGui", "..\imgui\deployment\a\imgui.vcxproj", "{9F316E83-5AE5-4939-A723-305A94F48005}"
EndProject
Global
	GlobalSection(SolutionConfigurationPlatforms) = preSolution
		Debug|x64 = Debug|x64
		Debug|x86 = Debug|x86
		DeployRelease|x64 = DeployRelease|x64
		DeployRelease|x86 = DeployRelease|x86
		PreRelease MT|x64 = PreRelease MT|x64
		PreRelease MT|x86 = PreRelease MT|x86
		PreRelease|x64 = PreRelease|x64
		PreRelease|x86 = PreRelease|x86
		PreReleaseAVX2 MT|x64 = PreReleaseAVX2 MT|x64
		PreReleaseAVX2 MT|x86 = PreReleaseAVX2 MT|x86
		Release MT|x64 = Release MT|x64
		Release MT|x86 = Release MT|x86
		Release|x64 = Release|x64
		Release|x86 = Release|x86
		ReleaseAVX2 MT|x64 = ReleaseAVX2 MT|x64
		ReleaseAVX2 MT|x86 = ReleaseAVX2 MT|x86
		ReleaseAVX2|x64 = ReleaseAVX2|x64
		ReleaseAVX2|x86 = ReleaseAVX2|x86
	EndGlobalSection
	GlobalSection(ProjectConfigurationPlatforms) = postSolution
		{81C521CB-208B-4B01-91DE-0EC956A3E176}.Debug|x64.ActiveCfg = Release|x64
		{81C521CB-208B-4B01-91DE-0EC956A3E176}.Debug|x64.Build.0 = Release|x64
		{81C521CB-208B-4B01-91DE-0EC956A3E176}.Debug|x86.ActiveCfg = Debug|x64
		{81C521CB-208B-4B01-91DE-0EC956A3E176}.DeployRelease|x64.ActiveCfg = Release|x64
		{81C521CB-208B-4B01-91DE-0EC956A3E176}.DeployRelease|x64.Build.0 = Release|x64
		{81C521CB-208B-4B01-91DE-0EC956A3E176}.DeployRelease|x86.ActiveCfg = Debug|x64
		{81C521CB-208B-4B01-91DE-0EC956A3E176}.DeployRelease|x86.Build.0 = Debug|x64
		{81C521CB-208B-4B01-91DE-0EC956A3E176}.PreRelease MT|x64.ActiveCfg = PreRelease MT|x64
		{81C521CB-208B-4B01-91DE-0EC956A3E176}.PreRelease MT|x64.Build.0 = PreRelease MT|x64
		{81C521CB-208B-4B01-91DE-0EC956A3E176}.PreRelease MT|x86.ActiveCfg = PreRelease MT|x64
		{81C521CB-208B-4B01-91DE-0EC956A3E176}.PreRelease|x64.ActiveCfg = PreRelease|x64
		{81C521CB-208B-4B01-91DE-0EC956A3E176}.PreRelease|x64.Build.0 = PreRelease|x64
		{81C521CB-208B-4B01-91DE-0EC956A3E176}.PreRelease|x86.ActiveCfg = PreRelease|x64
		{81C521CB-208B-4B01-91DE-0EC956A3E176}.PreReleaseAVX2 MT|x64.ActiveCfg = PreReleaseAVX2 MT|x64
		{81C521CB-208B-4B01-91DE-0EC956A3E176}.PreReleaseAVX2 MT|x64.Build.0 = PreReleaseAVX2 MT|x64
		{81C521CB-208B-4B01-91DE-0EC956A3E176}.PreReleaseAVX2 MT|x86.ActiveCfg = Debug|x64
		{81C521CB-208B-4B01-91DE-0EC956A3E176}.PreReleaseAVX2 MT|x86.Build.0 = Debug|x64
		{81C521CB-208B-4B01-91DE-0EC956A3E176}.Release MT|x64.ActiveCfg = Release MT|x64
		{81C521CB-208B-4B01-91DE-0EC956A3E176}.Release MT|x64.Build.0 = Release MT|x64
		{81C521CB-208B-4B01-91DE-0EC956A3E176}.Release MT|x86.ActiveCfg = Release MT|x64
		{81C521CB-208B-4B01-91DE-0EC956A3E176}.Release|x64.ActiveCfg = Release|x64
		{81C521CB-208B-4B01-91DE-0EC956A3E176}.Release|x64.Build.0 = Release|x64
		{81C521CB-208B-4B01-91DE-0EC956A3E176}.Release|x86.ActiveCfg = Release|x64
		{81C521CB-208B-4B01-91DE-0EC956A3E176}.ReleaseAVX2 MT|x64.ActiveCfg = ReleaseAVX2 MT|x64
		{81C521CB-208B-4B01-91DE-0EC956A3E176}.ReleaseAVX2 MT|x64.Build.0 = ReleaseAVX2 MT|x64
		{81C521CB-208B-4B01-91DE-0EC956A3E176}.ReleaseAVX2 MT|x86.ActiveCfg = ReleaseAVX2 MT|x64
		{81C521CB-208B-4B01-91DE-0EC956A3E176}.ReleaseAVX2|x64.ActiveCfg = ReleaseAVX2|x64
		{81C521CB-208B-4B01-91DE-0EC956A3E176}.ReleaseAVX2|x64.Build.0 = ReleaseAVX2|x64
		{81C521CB-208B-4B01-91DE-0EC956A3E176}.ReleaseAVX2|x86.ActiveCfg = ReleaseAVX2|x64
		{C59E5569-E3F3-4DA5-8313-12D90229B8C0}.Debug|x64.ActiveCfg = Debug|x64
		{C59E5569-E3F3-4DA5-8313-12D90229B8C0}.Debug|x64.Build.0 = Debug|x64
		{C59E5569-E3F3-4DA5-8313-12D90229B8C0}.Debug|x86.ActiveCfg = Debug|x64
		{C59E5569-E3F3-4DA5-8313-12D90229B8C0}.DeployRelease|x64.ActiveCfg = Release|x64
		{C59E5569-E3F3-4DA5-8313-12D90229B8C0}.DeployRelease|x64.Build.0 = Release|x64
		{C59E5569-E3F3-4DA5-8313-12D90229B8C0}.DeployRelease|x86.ActiveCfg = ReleaseAVX2|x64
		{C59E5569-E3F3-4DA5-8313-12D90229B8C0}.DeployRelease|x86.Build.0 = ReleaseAVX2|x64
		{C59E5569-E3F3-4DA5-8313-12D90229B8C0}.PreRelease MT|x64.ActiveCfg = PreRelease MT|x64
		{C59E5569-E3F3-4DA5-8313-12D90229B8C0}.PreRelease MT|x64.Build.0 = PreRelease MT|x64
		{C59E5569-E3F3-4DA5-8313-12D90229B8C0}.PreRelease MT|x86.ActiveCfg = PreRelease MT|x64
		{C59E5569-E3F3-4DA5-8313-12D90229B8C0}.PreRelease|x64.ActiveCfg = PreRelease|x64
		{C59E5569-E3F3-4DA5-8313-12D90229B8C0}.PreRelease|x64.Build.0 = PreRelease|x64
		{C59E5569-E3F3-4DA5-8313-12D90229B8C0}.PreRelease|x86.ActiveCfg = PreRelease|x64
		{C59E5569-E3F3-4DA5-8313-12D90229B8C0}.PreReleaseAVX2 MT|x64.ActiveCfg = PreReleaseAVX2 MT|x64
		{C59E5569-E3F3-4DA5-8313-12D90229B8C0}.PreReleaseAVX2 MT|x64.Build.0 = PreReleaseAVX2 MT|x64
		{C59E5569-E3F3-4DA5-8313-12D90229B8C0}.PreReleaseAVX2 MT|x86.ActiveCfg = ReleaseAVX2|x64
		{C59E5569-E3F3-4DA5-8313-12D90229B8C0}.PreReleaseAVX2 MT|x86.Build.0 = ReleaseAVX2|x64
		{C59E5569-E3F3-4DA5-8313-12D90229B8C0}.Release MT|x64.ActiveCfg = Release MT|x64
		{C59E5569-E3F3-4DA5-8313-12D90229B8C0}.Release MT|x64.Build.0 = Release MT|x64
		{C59E5569-E3F3-4DA5-8313-12D90229B8C0}.Release MT|x86.ActiveCfg = Release MT|x64
		{C59E5569-E3F3-4DA5-8313-12D90229B8C0}.Release|x64.ActiveCfg = Release|x64
		{C59E5569-E3F3-4DA5-8313-12D90229B8C0}.Release|x64.Build.0 = Release|x64
		{C59E5569-E3F3-4DA5-8313-12D90229B8C0}.Release|x86.ActiveCfg = Release|x64
		{C59E5569-E3F3-4DA5-8313-12D90229B8C0}.ReleaseAVX2 MT|x64.ActiveCfg = ReleaseAVX2 MT|x64
		{C59E5569-E3F3-4DA5-8313-12D90229B8C0}.ReleaseAVX2 MT|x64.Build.0 = ReleaseAVX2 MT|x64
		{C59E5569-E3F3-4DA5-8313-12D90229B8C0}.ReleaseAVX2 MT|x86.ActiveCfg = ReleaseAVX2 MT|x64
		{C59E5569-E3F3-4DA5-8313-12D90229B8C0}.ReleaseAVX2|x64.ActiveCfg = ReleaseAVX2|x64
		{C59E5569-E3F3-4DA5-8313-12D90229B8C0}.ReleaseAVX2|x64.Build.0 = ReleaseAVX2|x64
		{C59E5569-E3F3-4DA5-8313-12D90229B8C0}.ReleaseAVX2|x86.ActiveCfg = ReleaseAVX2|x64
		{472E19AB-DEF0-42DF-819B-18722E8DC822}.Debug|x64.ActiveCfg = Debug|x64
		{472E19AB-DEF0-42DF-819B-18722E8DC822}.Debug|x64.Build.0 = Debug|x64
		{472E19AB-DEF0-42DF-819B-18722E8DC822}.Debug|x86.ActiveCfg = Debug|x64
		{472E19AB-DEF0-42DF-819B-18722E8DC822}.DeployRelease|x64.ActiveCfg = DeployRelease|x64
		{472E19AB-DEF0-42DF-819B-18722E8DC822}.DeployRelease|x64.Build.0 = DeployRelease|x64
		{472E19AB-DEF0-42DF-819B-18722E8DC822}.DeployRelease|x86.ActiveCfg = DeployRelease|x64
		{472E19AB-DEF0-42DF-819B-18722E8DC822}.PreRelease MT|x64.ActiveCfg = PreRelease MT|x64
		{472E19AB-DEF0-42DF-819B-18722E8DC822}.PreRelease MT|x64.Build.0 = PreRelease MT|x64
		{472E19AB-DEF0-42DF-819B-18722E8DC822}.PreRelease MT|x86.ActiveCfg = PreRelease MT|x64
		{472E19AB-DEF0-42DF-819B-18722E8DC822}.PreRelease|x64.ActiveCfg = PreRelease|x64
		{472E19AB-DEF0-42DF-819B-18722E8DC822}.PreRelease|x64.Build.0 = PreRelease|x64
		{472E19AB-DEF0-42DF-819B-18722E8DC822}.PreRelease|x86.ActiveCfg = PreRelease|x64
		{472E19AB-DEF0-42DF-819B-18722E8DC822}.PreReleaseAVX2 MT|x64.ActiveCfg = PreReleaseAVX2 MT|x64
		{472E19AB-DEF0-42DF-819B-18722E8DC822}.PreReleaseAVX2 MT|x64.Build.0 = PreReleaseAVX2 MT|x64
		{472E19AB-DEF0-42DF-819B-18722E8DC822}.PreReleaseAVX2 MT|x86.ActiveCfg = ReleaseAVX2|x64
		{472E19AB-DEF0-42DF-819B-18722E8DC822}.PreReleaseAVX2 MT|x86.Build.0 = ReleaseAVX2|x64
		{472E19AB-DEF0-42DF-819B-18722E8DC822}.Release MT|x64.ActiveCfg = Release MT|x64
		{472E19AB-DEF0-42DF-819B-18722E8DC822}.Release MT|x64.Build.0 = Release MT|x64
		{472E19AB-DEF0-42DF-819B-18722E8DC822}.Release MT|x86.ActiveCfg = Release MT|x64
		{472E19AB-DEF0-42DF-819B-18722E8DC822}.Release|x64.ActiveCfg = Release|x64
		{472E19AB-DEF0-42DF-819B-18722E8DC822}.Release|x64.Build.0 = Release|x64
		{472E19AB-DEF0-42DF-819B-18722E8DC822}.Release|x86.ActiveCfg = Release|x64
		{472E19AB-DEF0-42DF-819B-18722E8DC822}.ReleaseAVX2 MT|x64.ActiveCfg = ReleaseAVX2 MT|x64
		{472E19AB-DEF0-42DF-819B-18722E8DC822}.ReleaseAVX2 MT|x64.Build.0 = ReleaseAVX2 MT|x64
		{472E19AB-DEF0-42DF-819B-18722E8DC822}.ReleaseAVX2 MT|x86.ActiveCfg = ReleaseAVX2 MT|x64
		{472E19AB-DEF0-42DF-819B-18722E8DC822}.ReleaseAVX2|x64.ActiveCfg = ReleaseAVX2|x64
		{472E19AB-DEF0-42DF-819B-18722E8DC822}.ReleaseAVX2|x64.Build.0 = ReleaseAVX2|x64
		{472E19AB-DEF0-42DF-819B-18722E8DC822}.ReleaseAVX2|x86.ActiveCfg = ReleaseAVX2|x64
		{5FD1C08D-DB80-480C-A1C6-F0920005CD13}.Debug|x64.ActiveCfg = Debug|x64
		{5FD1C08D-DB80-480C-A1C6-F0920005CD13}.Debug|x64.Build.0 = Debug|x64
		{5FD1C08D-DB80-480C-A1C6-F0920005CD13}.Debug|x86.ActiveCfg = Debug|x64
		{5FD1C08D-DB80-480C-A1C6-F0920005CD13}.DeployRelease|x64.ActiveCfg = DeployRelease|x64
		{5FD1C08D-DB80-480C-A1C6-F0920005CD13}.DeployRelease|x64.Build.0 = DeployRelease|x64
		{5FD1C08D-DB80-480C-A1C6-F0920005CD13}.DeployRelease|x86.ActiveCfg = DeployRelease|x64
		{5FD1C08D-DB80-480C-A1C6-F0920005CD13}.PreRelease MT|x64.ActiveCfg = PreRelease MT|x64
		{5FD1C08D-DB80-480C-A1C6-F0920005CD13}.PreRelease MT|x64.Build.0 = PreRelease MT|x64
		{5FD1C08D-DB80-480C-A1C6-F0920005CD13}.PreRelease MT|x86.ActiveCfg = PreRelease MT|x64
		{5FD1C08D-DB80-480C-A1C6-F0920005CD13}.PreRelease|x64.ActiveCfg = PreRelease|x64
		{5FD1C08D-DB80-480C-A1C6-F0920005CD13}.PreRelease|x64.Build.0 = PreRelease|x64
		{5FD1C08D-DB80-480C-A1C6-F0920005CD13}.PreRelease|x86.ActiveCfg = PreRelease|x64
		{5FD1C08D-DB80-480C-A1C6-F0920005CD13}.PreReleaseAVX2 MT|x64.ActiveCfg = PreReleaseAVX2 MT|x64
		{5FD1C08D-DB80-480C-A1C6-F0920005CD13}.PreReleaseAVX2 MT|x64.Build.0 = PreReleaseAVX2 MT|x64
		{5FD1C08D-DB80-480C-A1C6-F0920005CD13}.PreReleaseAVX2 MT|x86.ActiveCfg = ReleaseAVX2|x64
		{5FD1C08D-DB80-480C-A1C6-F0920005CD13}.PreReleaseAVX2 MT|x86.Build.0 = ReleaseAVX2|x64
		{5FD1C08D-DB80-480C-A1C6-F0920005CD13}.Release MT|x64.ActiveCfg = Release MT|x64
		{5FD1C08D-DB80-480C-A1C6-F0920005CD13}.Release MT|x64.Build.0 = Release MT|x64
		{5FD1C08D-DB80-480C-A1C6-F0920005CD13}.Release MT|x86.ActiveCfg = Release MT|x64
		{5FD1C08D-DB80-480C-A1C6-F0920005CD13}.Release|x64.ActiveCfg = Release|x64
		{5FD1C08D-DB80-480C-A1C6-F0920005CD13}.Release|x64.Build.0 = Release|x64
		{5FD1C08D-DB80-480C-A1C6-F0920005CD13}.Release|x86.ActiveCfg = Release|x64
		{5FD1C08D-DB80-480C-A1C6-F0920005CD13}.ReleaseAVX2 MT|x64.ActiveCfg = ReleaseAVX2 MT|x64
		{5FD1C08D-DB80-480C-A1C6-F0920005CD13}.ReleaseAVX2 MT|x64.Build.0 = ReleaseAVX2 MT|x64
		{5FD1C08D-DB80-480C-A1C6-F0920005CD13}.ReleaseAVX2 MT|x86.ActiveCfg = ReleaseAVX2 MT|x64
		{5FD1C08D-DB80-480C-A1C6-F0920005CD13}.ReleaseAVX2|x64.ActiveCfg = ReleaseAVX2|x64
		{5FD1C08D-DB80-480C-A1C6-F0920005CD13}.ReleaseAVX2|x64.Build.0 = ReleaseAVX2|x64
		{5FD1C08D-DB80-480C-A1C6-F0920005CD13}.ReleaseAVX2|x86.ActiveCfg = ReleaseAVX2|x64
		{9F316E83-5AE5-4939-A723-305A94F48005}.Debug|x64.ActiveCfg = Debug|x64
		{9F316E83-5AE5-4939-A723-305A94F48005}.Debug|x64.Build.0 = Debug|x64
		{9F316E83-5AE5-4939-A723-305A94F48005}.Debug|x86.ActiveCfg = Debug|x64
		{9F316E83-5AE5-4939-A723-305A94F48005}.DeployRelease|x64.ActiveCfg = Release|x64
		{9F316E83-5AE5-4939-A723-305A94F48005}.DeployRelease|x64.Build.0 = Release|x64
		{9F316E83-5AE5-4939-A723-305A94F48005}.DeployRelease|x86.ActiveCfg = Release|x64
		{9F316E83-5AE5-4939-A723-305A94F48005}.DeployRelease|x86.Build.0 = Release|x64
		{9F316E83-5AE5-4939-A723-305A94F48005}.PreRelease MT|x64.ActiveCfg = PreRelease MT|x64
		{9F316E83-5AE5-4939-A723-305A94F48005}.PreRelease MT|x64.Build.0 = PreRelease MT|x64
		{9F316E83-5AE5-4939-A723-305A94F48005}.PreRelease MT|x86.ActiveCfg = Release|x64
		{9F316E83-5AE5-4939-A723-305A94F48005}.PreRelease MT|x86.Build.0 = Release|x64
		{9F316E83-5AE5-4939-A723-305A94F48005}.PreRelease|x64.ActiveCfg = PreReleaseAVX2 MT|x64
		{9F316E83-5AE5-4939-A723-305A94F48005}.PreRelease|x64.Build.0 = PreReleaseAVX2 MT|x64
		{9F316E83-5AE5-4939-A723-305A94F48005}.PreRelease|x86.ActiveCfg = Release|x64
		{9F316E83-5AE5-4939-A723-305A94F48005}.PreRelease|x86.Build.0 = Release|x64
		{9F316E83-5AE5-4939-A723-305A94F48005}.PreReleaseAVX2 MT|x64.ActiveCfg = PreReleaseAVX2 MT|x64
		{9F316E83-5AE5-4939-A723-305A94F48005}.PreReleaseAVX2 MT|x64.Build.0 = PreReleaseAVX2 MT|x64
		{9F316E83-5AE5-4939-A723-305A94F48005}.PreReleaseAVX2 MT|x86.ActiveCfg = PreReleaseAVX2 MT|x64
		{9F316E83-5AE5-4939-A723-305A94F48005}.Release MT|x64.ActiveCfg = Release MT|x64
		{9F316E83-5AE5-4939-A723-305A94F48005}.Release MT|x64.Build.0 = Release MT|x64
		{9F316E83-5AE5-4939-A723-305A94F48005}.Release MT|x86.ActiveCfg = Release|x64
		{9F316E83-5AE5-4939-A723-305A94F48005}.Release MT|x86.Build.0 = Release|x64
		{9F316E83-5AE5-4939-A723-305A94F48005}.Release|x64.ActiveCfg = Release|x64
		{9F316E83-5AE5-4939-A723-305A94F48005}.Release|x64.Build.0 = Release|x64
		{9F316E83-5AE5-4939-A723-305A94F48005}.Release|x86.ActiveCfg = Release|x64
		{9F316E83-5AE5-4939-A723-305A94F48005}.ReleaseAVX2 MT|x64.ActiveCfg = ReleaseAVX2 MT|x64
		{9F316E83-5AE5-4939-A723-305A94F48005}.ReleaseAVX2 MT|x64.Build.0 = ReleaseAVX2 MT|x64
		{9F316E83-5AE5-4939-A723-305A94F48005}.ReleaseAVX2 MT|x86.ActiveCfg = ReleaseAVX2 MT|x64
		{9F316E83-5AE5-4939-A723-305A94F48005}.ReleaseAVX2|x64.ActiveCfg = Release|x64
		{9F316E83-5AE5-4939-A723-305A94F48005}.ReleaseAVX2|x64.Build.0 = Release|x64
		{9F316E83-5AE5-4939-A723-305A94F48005}.ReleaseAVX2|x86.ActiveCfg = Release|x64
		{9F316E83-5AE5-4939-A723-305A94F48005}.ReleaseAVX2|x86.Build.0 = Release|x64
	EndGlobalSection
	GlobalSection(SolutionProperties) = preSolution
		HideSolutionNode = FALSE
	EndGlobalSection
	GlobalSection(ExtensibilityGlobals) = postSolution
		SolutionGuid = {25F95337-C86D-4A48-90A6-45FDF7812DB4}
	EndGlobalSection
EndGlobal
