
Microsoft Visual Studio Solution File, Format Version 12.00
# Visual Studio Version 16
VisualStudioVersion = 16.0.30204.135
MinimumVisualStudioVersion = 10.0.40219.1
Project("{8BC9CEB8-8B4A-11D0-8D11-00A0C91BC942}") = "CBP", "CBP\CBP.vcxproj", "{81C521CB-208B-4B01-91DE-0EC956A3E176}"
EndProject
Project("{8BC9CEB8-8B4A-11D0-8D11-00A0C91BC942}") = "sse-build-resources", "..\sse-build-resources\sse-build-resources.vcxproj", "{C59E5569-E3F3-4DA5-8313-12D90229B8C0}"
EndProject
Project("{8BC9CEB8-8B4A-11D0-8D11-00A0C91BC942}") = "common_1_5_97_vc14", "..\sse-build-resources\skse64\common\common_vc14.vcxproj", "{472E19AB-DEF0-42DF-819B-18722E8DC822}"
EndProject
Project("{8BC9CEB8-8B4A-11D0-8D11-00A0C91BC942}") = "skse64_1_5_97_common", "..\sse-build-resources\skse64\skse64\skse64_common\skse64_common.vcxproj", "{5FD1C08D-DB80-480C-A1C6-F0920005CD13}"
EndProject
Project("{8BC9CEB8-8B4A-11D0-8D11-00A0C91BC942}") = "ImGui", "..\imgui\deployment\a\imgui.vcxproj", "{9F316E83-5AE5-4939-A723-305A94F48005}"
EndProject
Project("{8BC9CEB8-8B4A-11D0-8D11-00A0C91BC942}") = "DirectXTK_Desktop_2019_Win10", "..\DirectXTK\DirectXTK_Desktop_2019_Win10_x.vcxproj", "{E0B52AE7-E160-4D32-BF3F-910B785E5A8E}"
EndProject
Project("{8BC9CEB8-8B4A-11D0-8D11-00A0C91BC942}") = "BulletCollision", "..\bullet3\build3\vs2010\BulletCollision.vcxproj", "{86A03657-081F-714A-81AB-E5AE54DD7E86}"
EndProject
Project("{8BC9CEB8-8B4A-11D0-8D11-00A0C91BC942}") = "LinearMath", "..\bullet3\build3\vs2010\LinearMath.vcxproj", "{FC0B99FC-72FB-D844-8D3F-2D0850B14D7A}"
EndProject
Project("{8BC9CEB8-8B4A-11D0-8D11-00A0C91BC942}") = "assimp", "..\assimp\code\assimp.vcxproj", "{9F07095D-EF2F-3457-A7F9-A6525205AF80}"
EndProject
Project("{8BC9CEB8-8B4A-11D0-8D11-00A0C91BC942}") = "zlibstatic", "..\assimp\contrib\zlib\zlibstatic.vcxproj", "{AA8720F5-D51B-3E63-8A1A-AFFA6FE7A1BF}"
EndProject
Project("{8BC9CEB8-8B4A-11D0-8D11-00A0C91BC942}") = "meshoptimizer", "..\meshoptimizer\meshoptimizer.vcxproj", "{9C77C6B0-2B22-3322-A98C-38C9E1722617}"
EndProject
Global
	GlobalSection(SolutionConfigurationPlatforms) = preSolution
		Debug|x64 = Debug|x64
		Dep-AVX|x64 = Dep-AVX|x64
		Dep-AVX2|x64 = Dep-AVX2|x64
		Dep-IntelAvx2MT|x64 = Dep-IntelAvx2MT|x64
		Dep-IntelSSE42MT|x64 = Dep-IntelSSE42MT|x64
		DeployRelease|x64 = DeployRelease|x64
		Dep-SSE2|x64 = Dep-SSE2|x64
		IntelRelAvx2MT|x64 = IntelRelAvx2MT|x64
		MinSizeRel|x64 = MinSizeRel|x64
		PreRelease MT|x64 = PreRelease MT|x64
		PreRelease|x64 = PreRelease|x64
		PreReleaseAVX2 MT|x64 = PreReleaseAVX2 MT|x64
		Release MT|x64 = Release MT|x64
		Release|x64 = Release|x64
		ReleaseAVX2 MT W7|x64 = ReleaseAVX2 MT W7|x64
		ReleaseAVX2 MT|x64 = ReleaseAVX2 MT|x64
		ReleaseAVX2|x64 = ReleaseAVX2|x64
		RelWithDebInfo|x64 = RelWithDebInfo|x64
	EndGlobalSection
	GlobalSection(ProjectConfigurationPlatforms) = postSolution
		{81C521CB-208B-4B01-91DE-0EC956A3E176}.Debug|x64.ActiveCfg = Release|x64
		{81C521CB-208B-4B01-91DE-0EC956A3E176}.Debug|x64.Build.0 = Release|x64
		{81C521CB-208B-4B01-91DE-0EC956A3E176}.Dep-AVX|x64.ActiveCfg = Dep-AVX|x64
		{81C521CB-208B-4B01-91DE-0EC956A3E176}.Dep-AVX|x64.Build.0 = Dep-AVX|x64
		{81C521CB-208B-4B01-91DE-0EC956A3E176}.Dep-AVX2|x64.ActiveCfg = Dep-AVX2|x64
		{81C521CB-208B-4B01-91DE-0EC956A3E176}.Dep-AVX2|x64.Build.0 = Dep-AVX2|x64
		{81C521CB-208B-4B01-91DE-0EC956A3E176}.Dep-IntelAvx2MT|x64.ActiveCfg = Dep-IntelAvx2MT|x64
		{81C521CB-208B-4B01-91DE-0EC956A3E176}.Dep-IntelAvx2MT|x64.Build.0 = Dep-IntelAvx2MT|x64
		{81C521CB-208B-4B01-91DE-0EC956A3E176}.Dep-IntelSSE42MT|x64.ActiveCfg = Dep-IntelSSE42MT|x64
		{81C521CB-208B-4B01-91DE-0EC956A3E176}.Dep-IntelSSE42MT|x64.Build.0 = Dep-IntelSSE42MT|x64
		{81C521CB-208B-4B01-91DE-0EC956A3E176}.DeployRelease|x64.ActiveCfg = Release|x64
		{81C521CB-208B-4B01-91DE-0EC956A3E176}.DeployRelease|x64.Build.0 = Release|x64
		{81C521CB-208B-4B01-91DE-0EC956A3E176}.Dep-SSE2|x64.ActiveCfg = Dep-SSE2|x64
		{81C521CB-208B-4B01-91DE-0EC956A3E176}.Dep-SSE2|x64.Build.0 = Dep-SSE2|x64
		{81C521CB-208B-4B01-91DE-0EC956A3E176}.IntelRelAvx2MT|x64.ActiveCfg = IntelRelAvx2MT|x64
		{81C521CB-208B-4B01-91DE-0EC956A3E176}.IntelRelAvx2MT|x64.Build.0 = IntelRelAvx2MT|x64
		{81C521CB-208B-4B01-91DE-0EC956A3E176}.MinSizeRel|x64.ActiveCfg = Debug|x64
		{81C521CB-208B-4B01-91DE-0EC956A3E176}.MinSizeRel|x64.Build.0 = Debug|x64
		{81C521CB-208B-4B01-91DE-0EC956A3E176}.PreRelease MT|x64.ActiveCfg = PreRelease MT|x64
		{81C521CB-208B-4B01-91DE-0EC956A3E176}.PreRelease MT|x64.Build.0 = PreRelease MT|x64
		{81C521CB-208B-4B01-91DE-0EC956A3E176}.PreRelease|x64.ActiveCfg = PreRelease|x64
		{81C521CB-208B-4B01-91DE-0EC956A3E176}.PreRelease|x64.Build.0 = PreRelease|x64
		{81C521CB-208B-4B01-91DE-0EC956A3E176}.PreReleaseAVX2 MT|x64.ActiveCfg = PreReleaseAVX2 MT|x64
		{81C521CB-208B-4B01-91DE-0EC956A3E176}.PreReleaseAVX2 MT|x64.Build.0 = PreReleaseAVX2 MT|x64
		{81C521CB-208B-4B01-91DE-0EC956A3E176}.Release MT|x64.ActiveCfg = Release MT|x64
		{81C521CB-208B-4B01-91DE-0EC956A3E176}.Release MT|x64.Build.0 = Release MT|x64
		{81C521CB-208B-4B01-91DE-0EC956A3E176}.Release|x64.ActiveCfg = Release|x64
		{81C521CB-208B-4B01-91DE-0EC956A3E176}.Release|x64.Build.0 = Release|x64
		{81C521CB-208B-4B01-91DE-0EC956A3E176}.ReleaseAVX2 MT W7|x64.ActiveCfg = ReleaseAVX2 MT W7|x64
		{81C521CB-208B-4B01-91DE-0EC956A3E176}.ReleaseAVX2 MT W7|x64.Build.0 = ReleaseAVX2 MT W7|x64
		{81C521CB-208B-4B01-91DE-0EC956A3E176}.ReleaseAVX2 MT|x64.ActiveCfg = ReleaseAVX2 MT|x64
		{81C521CB-208B-4B01-91DE-0EC956A3E176}.ReleaseAVX2 MT|x64.Build.0 = ReleaseAVX2 MT|x64
		{81C521CB-208B-4B01-91DE-0EC956A3E176}.ReleaseAVX2|x64.ActiveCfg = ReleaseAVX2|x64
		{81C521CB-208B-4B01-91DE-0EC956A3E176}.ReleaseAVX2|x64.Build.0 = ReleaseAVX2|x64
		{81C521CB-208B-4B01-91DE-0EC956A3E176}.RelWithDebInfo|x64.ActiveCfg = ReleaseAVX2|x64
		{81C521CB-208B-4B01-91DE-0EC956A3E176}.RelWithDebInfo|x64.Build.0 = ReleaseAVX2|x64
		{C59E5569-E3F3-4DA5-8313-12D90229B8C0}.Debug|x64.ActiveCfg = Debug|x64
		{C59E5569-E3F3-4DA5-8313-12D90229B8C0}.Debug|x64.Build.0 = Debug|x64
		{C59E5569-E3F3-4DA5-8313-12D90229B8C0}.Dep-AVX|x64.ActiveCfg = Dep-AVX|x64
		{C59E5569-E3F3-4DA5-8313-12D90229B8C0}.Dep-AVX|x64.Build.0 = Dep-AVX|x64
		{C59E5569-E3F3-4DA5-8313-12D90229B8C0}.Dep-AVX2|x64.ActiveCfg = Dep-AVX2|x64
		{C59E5569-E3F3-4DA5-8313-12D90229B8C0}.Dep-AVX2|x64.Build.0 = Dep-AVX2|x64
		{C59E5569-E3F3-4DA5-8313-12D90229B8C0}.Dep-IntelAvx2MT|x64.ActiveCfg = Dep-IntelAvx2MT|x64
		{C59E5569-E3F3-4DA5-8313-12D90229B8C0}.Dep-IntelAvx2MT|x64.Build.0 = Dep-IntelAvx2MT|x64
		{C59E5569-E3F3-4DA5-8313-12D90229B8C0}.Dep-IntelSSE42MT|x64.ActiveCfg = Dep-IntelSSE42MT|x64
		{C59E5569-E3F3-4DA5-8313-12D90229B8C0}.Dep-IntelSSE42MT|x64.Build.0 = Dep-IntelSSE42MT|x64
		{C59E5569-E3F3-4DA5-8313-12D90229B8C0}.DeployRelease|x64.ActiveCfg = Release|x64
		{C59E5569-E3F3-4DA5-8313-12D90229B8C0}.DeployRelease|x64.Build.0 = Release|x64
		{C59E5569-E3F3-4DA5-8313-12D90229B8C0}.Dep-SSE2|x64.ActiveCfg = Dep-SSE2|x64
		{C59E5569-E3F3-4DA5-8313-12D90229B8C0}.Dep-SSE2|x64.Build.0 = Dep-SSE2|x64
		{C59E5569-E3F3-4DA5-8313-12D90229B8C0}.IntelRelAvx2MT|x64.ActiveCfg = IntelRelAvx2MT|x64
		{C59E5569-E3F3-4DA5-8313-12D90229B8C0}.IntelRelAvx2MT|x64.Build.0 = IntelRelAvx2MT|x64
		{C59E5569-E3F3-4DA5-8313-12D90229B8C0}.MinSizeRel|x64.ActiveCfg = ReleaseAVX2|x64
		{C59E5569-E3F3-4DA5-8313-12D90229B8C0}.MinSizeRel|x64.Build.0 = ReleaseAVX2|x64
		{C59E5569-E3F3-4DA5-8313-12D90229B8C0}.PreRelease MT|x64.ActiveCfg = PreRelease MT|x64
		{C59E5569-E3F3-4DA5-8313-12D90229B8C0}.PreRelease MT|x64.Build.0 = PreRelease MT|x64
		{C59E5569-E3F3-4DA5-8313-12D90229B8C0}.PreRelease|x64.ActiveCfg = PreRelease|x64
		{C59E5569-E3F3-4DA5-8313-12D90229B8C0}.PreRelease|x64.Build.0 = PreRelease|x64
		{C59E5569-E3F3-4DA5-8313-12D90229B8C0}.PreReleaseAVX2 MT|x64.ActiveCfg = PreReleaseAVX2 MT|x64
		{C59E5569-E3F3-4DA5-8313-12D90229B8C0}.PreReleaseAVX2 MT|x64.Build.0 = PreReleaseAVX2 MT|x64
		{C59E5569-E3F3-4DA5-8313-12D90229B8C0}.Release MT|x64.ActiveCfg = Release MT|x64
		{C59E5569-E3F3-4DA5-8313-12D90229B8C0}.Release MT|x64.Build.0 = Release MT|x64
		{C59E5569-E3F3-4DA5-8313-12D90229B8C0}.Release|x64.ActiveCfg = Release|x64
		{C59E5569-E3F3-4DA5-8313-12D90229B8C0}.Release|x64.Build.0 = Release|x64
		{C59E5569-E3F3-4DA5-8313-12D90229B8C0}.ReleaseAVX2 MT W7|x64.ActiveCfg = ReleaseAVX2 MT|x64
		{C59E5569-E3F3-4DA5-8313-12D90229B8C0}.ReleaseAVX2 MT W7|x64.Build.0 = ReleaseAVX2 MT|x64
		{C59E5569-E3F3-4DA5-8313-12D90229B8C0}.ReleaseAVX2 MT|x64.ActiveCfg = ReleaseAVX2 MT|x64
		{C59E5569-E3F3-4DA5-8313-12D90229B8C0}.ReleaseAVX2 MT|x64.Build.0 = ReleaseAVX2 MT|x64
		{C59E5569-E3F3-4DA5-8313-12D90229B8C0}.ReleaseAVX2|x64.ActiveCfg = ReleaseAVX2|x64
		{C59E5569-E3F3-4DA5-8313-12D90229B8C0}.ReleaseAVX2|x64.Build.0 = ReleaseAVX2|x64
		{C59E5569-E3F3-4DA5-8313-12D90229B8C0}.RelWithDebInfo|x64.ActiveCfg = ReleaseAVX2|x64
		{C59E5569-E3F3-4DA5-8313-12D90229B8C0}.RelWithDebInfo|x64.Build.0 = ReleaseAVX2|x64
		{472E19AB-DEF0-42DF-819B-18722E8DC822}.Debug|x64.ActiveCfg = Debug|x64
		{472E19AB-DEF0-42DF-819B-18722E8DC822}.Debug|x64.Build.0 = Debug|x64
		{472E19AB-DEF0-42DF-819B-18722E8DC822}.Dep-AVX|x64.ActiveCfg = Dep-AVX|x64
		{472E19AB-DEF0-42DF-819B-18722E8DC822}.Dep-AVX|x64.Build.0 = Dep-AVX|x64
		{472E19AB-DEF0-42DF-819B-18722E8DC822}.Dep-AVX2|x64.ActiveCfg = Dep-AVX2|x64
		{472E19AB-DEF0-42DF-819B-18722E8DC822}.Dep-AVX2|x64.Build.0 = Dep-AVX2|x64
		{472E19AB-DEF0-42DF-819B-18722E8DC822}.Dep-IntelAvx2MT|x64.ActiveCfg = Dep-IntelAvx2MT|x64
		{472E19AB-DEF0-42DF-819B-18722E8DC822}.Dep-IntelAvx2MT|x64.Build.0 = Dep-IntelAvx2MT|x64
		{472E19AB-DEF0-42DF-819B-18722E8DC822}.Dep-IntelSSE42MT|x64.ActiveCfg = Dep-IntelSSE42MT|x64
		{472E19AB-DEF0-42DF-819B-18722E8DC822}.Dep-IntelSSE42MT|x64.Build.0 = Dep-IntelSSE42MT|x64
		{472E19AB-DEF0-42DF-819B-18722E8DC822}.DeployRelease|x64.ActiveCfg = DeployRelease|x64
		{472E19AB-DEF0-42DF-819B-18722E8DC822}.DeployRelease|x64.Build.0 = DeployRelease|x64
		{472E19AB-DEF0-42DF-819B-18722E8DC822}.Dep-SSE2|x64.ActiveCfg = Dep-SSE2|x64
		{472E19AB-DEF0-42DF-819B-18722E8DC822}.Dep-SSE2|x64.Build.0 = Dep-SSE2|x64
		{472E19AB-DEF0-42DF-819B-18722E8DC822}.IntelRelAvx2MT|x64.ActiveCfg = IntelRelAvx2MT|x64
		{472E19AB-DEF0-42DF-819B-18722E8DC822}.IntelRelAvx2MT|x64.Build.0 = IntelRelAvx2MT|x64
		{472E19AB-DEF0-42DF-819B-18722E8DC822}.MinSizeRel|x64.ActiveCfg = ReleaseAVX2|x64
		{472E19AB-DEF0-42DF-819B-18722E8DC822}.MinSizeRel|x64.Build.0 = ReleaseAVX2|x64
		{472E19AB-DEF0-42DF-819B-18722E8DC822}.PreRelease MT|x64.ActiveCfg = PreRelease MT|x64
		{472E19AB-DEF0-42DF-819B-18722E8DC822}.PreRelease MT|x64.Build.0 = PreRelease MT|x64
		{472E19AB-DEF0-42DF-819B-18722E8DC822}.PreRelease|x64.ActiveCfg = PreRelease|x64
		{472E19AB-DEF0-42DF-819B-18722E8DC822}.PreRelease|x64.Build.0 = PreRelease|x64
		{472E19AB-DEF0-42DF-819B-18722E8DC822}.PreReleaseAVX2 MT|x64.ActiveCfg = PreReleaseAVX2 MT|x64
		{472E19AB-DEF0-42DF-819B-18722E8DC822}.PreReleaseAVX2 MT|x64.Build.0 = PreReleaseAVX2 MT|x64
		{472E19AB-DEF0-42DF-819B-18722E8DC822}.Release MT|x64.ActiveCfg = Release MT|x64
		{472E19AB-DEF0-42DF-819B-18722E8DC822}.Release MT|x64.Build.0 = Release MT|x64
		{472E19AB-DEF0-42DF-819B-18722E8DC822}.Release|x64.ActiveCfg = Release|x64
		{472E19AB-DEF0-42DF-819B-18722E8DC822}.Release|x64.Build.0 = Release|x64
		{472E19AB-DEF0-42DF-819B-18722E8DC822}.ReleaseAVX2 MT W7|x64.ActiveCfg = ReleaseAVX2 MT|x64
		{472E19AB-DEF0-42DF-819B-18722E8DC822}.ReleaseAVX2 MT W7|x64.Build.0 = ReleaseAVX2 MT|x64
		{472E19AB-DEF0-42DF-819B-18722E8DC822}.ReleaseAVX2 MT|x64.ActiveCfg = ReleaseAVX2 MT|x64
		{472E19AB-DEF0-42DF-819B-18722E8DC822}.ReleaseAVX2 MT|x64.Build.0 = ReleaseAVX2 MT|x64
		{472E19AB-DEF0-42DF-819B-18722E8DC822}.ReleaseAVX2|x64.ActiveCfg = ReleaseAVX2|x64
		{472E19AB-DEF0-42DF-819B-18722E8DC822}.ReleaseAVX2|x64.Build.0 = ReleaseAVX2|x64
		{472E19AB-DEF0-42DF-819B-18722E8DC822}.RelWithDebInfo|x64.ActiveCfg = ReleaseAVX2|x64
		{472E19AB-DEF0-42DF-819B-18722E8DC822}.RelWithDebInfo|x64.Build.0 = ReleaseAVX2|x64
		{5FD1C08D-DB80-480C-A1C6-F0920005CD13}.Debug|x64.ActiveCfg = Debug|x64
		{5FD1C08D-DB80-480C-A1C6-F0920005CD13}.Debug|x64.Build.0 = Debug|x64
		{5FD1C08D-DB80-480C-A1C6-F0920005CD13}.Dep-AVX|x64.ActiveCfg = Dep-AVX|x64
		{5FD1C08D-DB80-480C-A1C6-F0920005CD13}.Dep-AVX|x64.Build.0 = Dep-AVX|x64
		{5FD1C08D-DB80-480C-A1C6-F0920005CD13}.Dep-AVX2|x64.ActiveCfg = Dep-AVX2|x64
		{5FD1C08D-DB80-480C-A1C6-F0920005CD13}.Dep-AVX2|x64.Build.0 = Dep-AVX2|x64
		{5FD1C08D-DB80-480C-A1C6-F0920005CD13}.Dep-IntelAvx2MT|x64.ActiveCfg = Dep-IntelAvx2MT|x64
		{5FD1C08D-DB80-480C-A1C6-F0920005CD13}.Dep-IntelAvx2MT|x64.Build.0 = Dep-IntelAvx2MT|x64
		{5FD1C08D-DB80-480C-A1C6-F0920005CD13}.Dep-IntelSSE42MT|x64.ActiveCfg = Dep-IntelSSE42MT|x64
		{5FD1C08D-DB80-480C-A1C6-F0920005CD13}.Dep-IntelSSE42MT|x64.Build.0 = Dep-IntelSSE42MT|x64
		{5FD1C08D-DB80-480C-A1C6-F0920005CD13}.DeployRelease|x64.ActiveCfg = DeployRelease|x64
		{5FD1C08D-DB80-480C-A1C6-F0920005CD13}.DeployRelease|x64.Build.0 = DeployRelease|x64
		{5FD1C08D-DB80-480C-A1C6-F0920005CD13}.Dep-SSE2|x64.ActiveCfg = Dep-SSE2|x64
		{5FD1C08D-DB80-480C-A1C6-F0920005CD13}.Dep-SSE2|x64.Build.0 = Dep-SSE2|x64
		{5FD1C08D-DB80-480C-A1C6-F0920005CD13}.IntelRelAvx2MT|x64.ActiveCfg = IntelRelAvx2MT|x64
		{5FD1C08D-DB80-480C-A1C6-F0920005CD13}.IntelRelAvx2MT|x64.Build.0 = IntelRelAvx2MT|x64
		{5FD1C08D-DB80-480C-A1C6-F0920005CD13}.MinSizeRel|x64.ActiveCfg = ReleaseAVX2|x64
		{5FD1C08D-DB80-480C-A1C6-F0920005CD13}.MinSizeRel|x64.Build.0 = ReleaseAVX2|x64
		{5FD1C08D-DB80-480C-A1C6-F0920005CD13}.PreRelease MT|x64.ActiveCfg = PreRelease MT|x64
		{5FD1C08D-DB80-480C-A1C6-F0920005CD13}.PreRelease MT|x64.Build.0 = PreRelease MT|x64
		{5FD1C08D-DB80-480C-A1C6-F0920005CD13}.PreRelease|x64.ActiveCfg = PreRelease|x64
		{5FD1C08D-DB80-480C-A1C6-F0920005CD13}.PreRelease|x64.Build.0 = PreRelease|x64
		{5FD1C08D-DB80-480C-A1C6-F0920005CD13}.PreReleaseAVX2 MT|x64.ActiveCfg = PreReleaseAVX2 MT|x64
		{5FD1C08D-DB80-480C-A1C6-F0920005CD13}.PreReleaseAVX2 MT|x64.Build.0 = PreReleaseAVX2 MT|x64
		{5FD1C08D-DB80-480C-A1C6-F0920005CD13}.Release MT|x64.ActiveCfg = Release MT|x64
		{5FD1C08D-DB80-480C-A1C6-F0920005CD13}.Release MT|x64.Build.0 = Release MT|x64
		{5FD1C08D-DB80-480C-A1C6-F0920005CD13}.Release|x64.ActiveCfg = Release|x64
		{5FD1C08D-DB80-480C-A1C6-F0920005CD13}.Release|x64.Build.0 = Release|x64
		{5FD1C08D-DB80-480C-A1C6-F0920005CD13}.ReleaseAVX2 MT W7|x64.ActiveCfg = ReleaseAVX2 MT|x64
		{5FD1C08D-DB80-480C-A1C6-F0920005CD13}.ReleaseAVX2 MT W7|x64.Build.0 = ReleaseAVX2 MT|x64
		{5FD1C08D-DB80-480C-A1C6-F0920005CD13}.ReleaseAVX2 MT|x64.ActiveCfg = ReleaseAVX2 MT|x64
		{5FD1C08D-DB80-480C-A1C6-F0920005CD13}.ReleaseAVX2 MT|x64.Build.0 = ReleaseAVX2 MT|x64
		{5FD1C08D-DB80-480C-A1C6-F0920005CD13}.ReleaseAVX2|x64.ActiveCfg = ReleaseAVX2|x64
		{5FD1C08D-DB80-480C-A1C6-F0920005CD13}.ReleaseAVX2|x64.Build.0 = ReleaseAVX2|x64
		{5FD1C08D-DB80-480C-A1C6-F0920005CD13}.RelWithDebInfo|x64.ActiveCfg = ReleaseAVX2|x64
		{5FD1C08D-DB80-480C-A1C6-F0920005CD13}.RelWithDebInfo|x64.Build.0 = ReleaseAVX2|x64
		{9F316E83-5AE5-4939-A723-305A94F48005}.Debug|x64.ActiveCfg = Debug|x64
		{9F316E83-5AE5-4939-A723-305A94F48005}.Debug|x64.Build.0 = Debug|x64
		{9F316E83-5AE5-4939-A723-305A94F48005}.Dep-AVX|x64.ActiveCfg = Dep-AVX|x64
		{9F316E83-5AE5-4939-A723-305A94F48005}.Dep-AVX|x64.Build.0 = Dep-AVX|x64
		{9F316E83-5AE5-4939-A723-305A94F48005}.Dep-AVX2|x64.ActiveCfg = Dep-AVX2|x64
		{9F316E83-5AE5-4939-A723-305A94F48005}.Dep-AVX2|x64.Build.0 = Dep-AVX2|x64
		{9F316E83-5AE5-4939-A723-305A94F48005}.Dep-IntelAvx2MT|x64.ActiveCfg = Dep-IntelAvx2MT|x64
		{9F316E83-5AE5-4939-A723-305A94F48005}.Dep-IntelAvx2MT|x64.Build.0 = Dep-IntelAvx2MT|x64
		{9F316E83-5AE5-4939-A723-305A94F48005}.Dep-IntelSSE42MT|x64.ActiveCfg = Dep-IntelSSE42MT|x64
		{9F316E83-5AE5-4939-A723-305A94F48005}.Dep-IntelSSE42MT|x64.Build.0 = Dep-IntelSSE42MT|x64
		{9F316E83-5AE5-4939-A723-305A94F48005}.DeployRelease|x64.ActiveCfg = Release|x64
		{9F316E83-5AE5-4939-A723-305A94F48005}.DeployRelease|x64.Build.0 = Release|x64
		{9F316E83-5AE5-4939-A723-305A94F48005}.Dep-SSE2|x64.ActiveCfg = Dep-SSE2|x64
		{9F316E83-5AE5-4939-A723-305A94F48005}.Dep-SSE2|x64.Build.0 = Dep-SSE2|x64
		{9F316E83-5AE5-4939-A723-305A94F48005}.IntelRelAvx2MT|x64.ActiveCfg = IntelRelAvx2MT|x64
		{9F316E83-5AE5-4939-A723-305A94F48005}.IntelRelAvx2MT|x64.Build.0 = IntelRelAvx2MT|x64
		{9F316E83-5AE5-4939-A723-305A94F48005}.MinSizeRel|x64.ActiveCfg = ReleaseAVX2 MT|x64
		{9F316E83-5AE5-4939-A723-305A94F48005}.MinSizeRel|x64.Build.0 = ReleaseAVX2 MT|x64
		{9F316E83-5AE5-4939-A723-305A94F48005}.PreRelease MT|x64.ActiveCfg = PreRelease MT|x64
		{9F316E83-5AE5-4939-A723-305A94F48005}.PreRelease MT|x64.Build.0 = PreRelease MT|x64
		{9F316E83-5AE5-4939-A723-305A94F48005}.PreRelease|x64.ActiveCfg = PreReleaseAVX2 MT|x64
		{9F316E83-5AE5-4939-A723-305A94F48005}.PreRelease|x64.Build.0 = PreReleaseAVX2 MT|x64
		{9F316E83-5AE5-4939-A723-305A94F48005}.PreReleaseAVX2 MT|x64.ActiveCfg = PreReleaseAVX2 MT|x64
		{9F316E83-5AE5-4939-A723-305A94F48005}.PreReleaseAVX2 MT|x64.Build.0 = PreReleaseAVX2 MT|x64
		{9F316E83-5AE5-4939-A723-305A94F48005}.Release MT|x64.ActiveCfg = Release MT|x64
		{9F316E83-5AE5-4939-A723-305A94F48005}.Release MT|x64.Build.0 = Release MT|x64
		{9F316E83-5AE5-4939-A723-305A94F48005}.Release|x64.ActiveCfg = Release|x64
		{9F316E83-5AE5-4939-A723-305A94F48005}.Release|x64.Build.0 = Release|x64
		{9F316E83-5AE5-4939-A723-305A94F48005}.ReleaseAVX2 MT W7|x64.ActiveCfg = ReleaseAVX2 MT|x64
		{9F316E83-5AE5-4939-A723-305A94F48005}.ReleaseAVX2 MT W7|x64.Build.0 = ReleaseAVX2 MT|x64
		{9F316E83-5AE5-4939-A723-305A94F48005}.ReleaseAVX2 MT|x64.ActiveCfg = ReleaseAVX2 MT|x64
		{9F316E83-5AE5-4939-A723-305A94F48005}.ReleaseAVX2 MT|x64.Build.0 = ReleaseAVX2 MT|x64
		{9F316E83-5AE5-4939-A723-305A94F48005}.ReleaseAVX2|x64.ActiveCfg = Release|x64
		{9F316E83-5AE5-4939-A723-305A94F48005}.ReleaseAVX2|x64.Build.0 = Release|x64
		{9F316E83-5AE5-4939-A723-305A94F48005}.RelWithDebInfo|x64.ActiveCfg = ReleaseAVX2 MT|x64
		{9F316E83-5AE5-4939-A723-305A94F48005}.RelWithDebInfo|x64.Build.0 = ReleaseAVX2 MT|x64
		{E0B52AE7-E160-4D32-BF3F-910B785E5A8E}.Debug|x64.ActiveCfg = Debug|x64
		{E0B52AE7-E160-4D32-BF3F-910B785E5A8E}.Debug|x64.Build.0 = Debug|x64
		{E0B52AE7-E160-4D32-BF3F-910B785E5A8E}.Dep-AVX|x64.ActiveCfg = Dep-AVX|x64
		{E0B52AE7-E160-4D32-BF3F-910B785E5A8E}.Dep-AVX|x64.Build.0 = Dep-AVX|x64
		{E0B52AE7-E160-4D32-BF3F-910B785E5A8E}.Dep-AVX2|x64.ActiveCfg = Dep-AVX2|x64
		{E0B52AE7-E160-4D32-BF3F-910B785E5A8E}.Dep-AVX2|x64.Build.0 = Dep-AVX2|x64
		{E0B52AE7-E160-4D32-BF3F-910B785E5A8E}.Dep-IntelAvx2MT|x64.ActiveCfg = Dep-IntelAvx2MT|x64
		{E0B52AE7-E160-4D32-BF3F-910B785E5A8E}.Dep-IntelAvx2MT|x64.Build.0 = Dep-IntelAvx2MT|x64
		{E0B52AE7-E160-4D32-BF3F-910B785E5A8E}.Dep-IntelSSE42MT|x64.ActiveCfg = Dep-IntelSSE42MT|x64
		{E0B52AE7-E160-4D32-BF3F-910B785E5A8E}.Dep-IntelSSE42MT|x64.Build.0 = Dep-IntelSSE42MT|x64
		{E0B52AE7-E160-4D32-BF3F-910B785E5A8E}.DeployRelease|x64.ActiveCfg = Release|x64
		{E0B52AE7-E160-4D32-BF3F-910B785E5A8E}.DeployRelease|x64.Build.0 = Release|x64
		{E0B52AE7-E160-4D32-BF3F-910B785E5A8E}.Dep-SSE2|x64.ActiveCfg = Dep-SSE2|x64
		{E0B52AE7-E160-4D32-BF3F-910B785E5A8E}.Dep-SSE2|x64.Build.0 = Dep-SSE2|x64
		{E0B52AE7-E160-4D32-BF3F-910B785E5A8E}.IntelRelAvx2MT|x64.ActiveCfg = IntelRelAvx2MT|x64
		{E0B52AE7-E160-4D32-BF3F-910B785E5A8E}.IntelRelAvx2MT|x64.Build.0 = IntelRelAvx2MT|x64
		{E0B52AE7-E160-4D32-BF3F-910B785E5A8E}.MinSizeRel|x64.ActiveCfg = Release MT|x64
		{E0B52AE7-E160-4D32-BF3F-910B785E5A8E}.MinSizeRel|x64.Build.0 = Release MT|x64
		{E0B52AE7-E160-4D32-BF3F-910B785E5A8E}.PreRelease MT|x64.ActiveCfg = Release MT|x64
		{E0B52AE7-E160-4D32-BF3F-910B785E5A8E}.PreRelease MT|x64.Build.0 = Release MT|x64
		{E0B52AE7-E160-4D32-BF3F-910B785E5A8E}.PreRelease|x64.ActiveCfg = PreRelease|x64
		{E0B52AE7-E160-4D32-BF3F-910B785E5A8E}.PreRelease|x64.Build.0 = PreRelease|x64
		{E0B52AE7-E160-4D32-BF3F-910B785E5A8E}.PreReleaseAVX2 MT|x64.ActiveCfg = PreReleaseAVX2 MT|x64
		{E0B52AE7-E160-4D32-BF3F-910B785E5A8E}.PreReleaseAVX2 MT|x64.Build.0 = PreReleaseAVX2 MT|x64
		{E0B52AE7-E160-4D32-BF3F-910B785E5A8E}.Release MT|x64.ActiveCfg = Release|x64
		{E0B52AE7-E160-4D32-BF3F-910B785E5A8E}.Release MT|x64.Build.0 = Release|x64
		{E0B52AE7-E160-4D32-BF3F-910B785E5A8E}.Release|x64.ActiveCfg = Release|x64
		{E0B52AE7-E160-4D32-BF3F-910B785E5A8E}.Release|x64.Build.0 = Release|x64
		{E0B52AE7-E160-4D32-BF3F-910B785E5A8E}.ReleaseAVX2 MT W7|x64.ActiveCfg = ReleaseAVX2 MT W7|x64
		{E0B52AE7-E160-4D32-BF3F-910B785E5A8E}.ReleaseAVX2 MT W7|x64.Build.0 = ReleaseAVX2 MT W7|x64
		{E0B52AE7-E160-4D32-BF3F-910B785E5A8E}.ReleaseAVX2 MT|x64.ActiveCfg = ReleaseAVX2 MT|x64
		{E0B52AE7-E160-4D32-BF3F-910B785E5A8E}.ReleaseAVX2 MT|x64.Build.0 = ReleaseAVX2 MT|x64
		{E0B52AE7-E160-4D32-BF3F-910B785E5A8E}.ReleaseAVX2|x64.ActiveCfg = ReleaseAVX2|x64
		{E0B52AE7-E160-4D32-BF3F-910B785E5A8E}.ReleaseAVX2|x64.Build.0 = ReleaseAVX2|x64
		{E0B52AE7-E160-4D32-BF3F-910B785E5A8E}.RelWithDebInfo|x64.ActiveCfg = Debug|x64
		{E0B52AE7-E160-4D32-BF3F-910B785E5A8E}.RelWithDebInfo|x64.Build.0 = Debug|x64
		{86A03657-081F-714A-81AB-E5AE54DD7E86}.Debug|x64.ActiveCfg = Debug|x64
		{86A03657-081F-714A-81AB-E5AE54DD7E86}.Debug|x64.Build.0 = Debug|x64
		{86A03657-081F-714A-81AB-E5AE54DD7E86}.Dep-AVX|x64.ActiveCfg = Dep-AVX|x64
		{86A03657-081F-714A-81AB-E5AE54DD7E86}.Dep-AVX|x64.Build.0 = Dep-AVX|x64
		{86A03657-081F-714A-81AB-E5AE54DD7E86}.Dep-AVX2|x64.ActiveCfg = Dep-AVX2|x64
		{86A03657-081F-714A-81AB-E5AE54DD7E86}.Dep-AVX2|x64.Build.0 = Dep-AVX2|x64
		{86A03657-081F-714A-81AB-E5AE54DD7E86}.Dep-IntelAvx2MT|x64.ActiveCfg = Debug|x64
		{86A03657-081F-714A-81AB-E5AE54DD7E86}.Dep-IntelAvx2MT|x64.Build.0 = Debug|x64
		{86A03657-081F-714A-81AB-E5AE54DD7E86}.Dep-IntelSSE42MT|x64.ActiveCfg = Debug|x64
		{86A03657-081F-714A-81AB-E5AE54DD7E86}.Dep-IntelSSE42MT|x64.Build.0 = Debug|x64
		{86A03657-081F-714A-81AB-E5AE54DD7E86}.DeployRelease|x64.ActiveCfg = Release|x64
		{86A03657-081F-714A-81AB-E5AE54DD7E86}.DeployRelease|x64.Build.0 = Release|x64
		{86A03657-081F-714A-81AB-E5AE54DD7E86}.Dep-SSE2|x64.ActiveCfg = Dep-SSE2|x64
		{86A03657-081F-714A-81AB-E5AE54DD7E86}.Dep-SSE2|x64.Build.0 = Dep-SSE2|x64
		{86A03657-081F-714A-81AB-E5AE54DD7E86}.IntelRelAvx2MT|x64.ActiveCfg = ReleaseAVX2 MT|x64
		{86A03657-081F-714A-81AB-E5AE54DD7E86}.IntelRelAvx2MT|x64.Build.0 = ReleaseAVX2 MT|x64
		{86A03657-081F-714A-81AB-E5AE54DD7E86}.MinSizeRel|x64.ActiveCfg = ReleaseAVX2 MT|x64
		{86A03657-081F-714A-81AB-E5AE54DD7E86}.MinSizeRel|x64.Build.0 = ReleaseAVX2 MT|x64
		{86A03657-081F-714A-81AB-E5AE54DD7E86}.PreRelease MT|x64.ActiveCfg = Release|x64
		{86A03657-081F-714A-81AB-E5AE54DD7E86}.PreRelease MT|x64.Build.0 = Release|x64
		{86A03657-081F-714A-81AB-E5AE54DD7E86}.PreRelease|x64.ActiveCfg = Release|x64
		{86A03657-081F-714A-81AB-E5AE54DD7E86}.PreRelease|x64.Build.0 = Release|x64
		{86A03657-081F-714A-81AB-E5AE54DD7E86}.PreReleaseAVX2 MT|x64.ActiveCfg = ReleaseAVX2 MT|x64
		{86A03657-081F-714A-81AB-E5AE54DD7E86}.PreReleaseAVX2 MT|x64.Build.0 = ReleaseAVX2 MT|x64
		{86A03657-081F-714A-81AB-E5AE54DD7E86}.Release MT|x64.ActiveCfg = ReleaseAVX2 MT|x64
		{86A03657-081F-714A-81AB-E5AE54DD7E86}.Release MT|x64.Build.0 = ReleaseAVX2 MT|x64
		{86A03657-081F-714A-81AB-E5AE54DD7E86}.Release|x64.ActiveCfg = Release|x64
		{86A03657-081F-714A-81AB-E5AE54DD7E86}.Release|x64.Build.0 = Release|x64
		{86A03657-081F-714A-81AB-E5AE54DD7E86}.ReleaseAVX2 MT W7|x64.ActiveCfg = ReleaseAVX2 MT|x64
		{86A03657-081F-714A-81AB-E5AE54DD7E86}.ReleaseAVX2 MT W7|x64.Build.0 = ReleaseAVX2 MT|x64
		{86A03657-081F-714A-81AB-E5AE54DD7E86}.ReleaseAVX2 MT|x64.ActiveCfg = ReleaseAVX2 MT|x64
		{86A03657-081F-714A-81AB-E5AE54DD7E86}.ReleaseAVX2 MT|x64.Build.0 = ReleaseAVX2 MT|x64
		{86A03657-081F-714A-81AB-E5AE54DD7E86}.ReleaseAVX2|x64.ActiveCfg = ReleaseAVX2 MT|x64
		{86A03657-081F-714A-81AB-E5AE54DD7E86}.ReleaseAVX2|x64.Build.0 = ReleaseAVX2 MT|x64
		{86A03657-081F-714A-81AB-E5AE54DD7E86}.RelWithDebInfo|x64.ActiveCfg = ReleaseAVX2 MT|x64
		{86A03657-081F-714A-81AB-E5AE54DD7E86}.RelWithDebInfo|x64.Build.0 = ReleaseAVX2 MT|x64
		{FC0B99FC-72FB-D844-8D3F-2D0850B14D7A}.Debug|x64.ActiveCfg = Debug|x64
		{FC0B99FC-72FB-D844-8D3F-2D0850B14D7A}.Debug|x64.Build.0 = Debug|x64
		{FC0B99FC-72FB-D844-8D3F-2D0850B14D7A}.Dep-AVX|x64.ActiveCfg = Dep-AVX|x64
		{FC0B99FC-72FB-D844-8D3F-2D0850B14D7A}.Dep-AVX|x64.Build.0 = Dep-AVX|x64
		{FC0B99FC-72FB-D844-8D3F-2D0850B14D7A}.Dep-AVX2|x64.ActiveCfg = Dep-AVX2|x64
		{FC0B99FC-72FB-D844-8D3F-2D0850B14D7A}.Dep-AVX2|x64.Build.0 = Dep-AVX2|x64
		{FC0B99FC-72FB-D844-8D3F-2D0850B14D7A}.Dep-IntelAvx2MT|x64.ActiveCfg = Debug|x64
		{FC0B99FC-72FB-D844-8D3F-2D0850B14D7A}.Dep-IntelAvx2MT|x64.Build.0 = Debug|x64
		{FC0B99FC-72FB-D844-8D3F-2D0850B14D7A}.Dep-IntelSSE42MT|x64.ActiveCfg = Debug|x64
		{FC0B99FC-72FB-D844-8D3F-2D0850B14D7A}.Dep-IntelSSE42MT|x64.Build.0 = Debug|x64
		{FC0B99FC-72FB-D844-8D3F-2D0850B14D7A}.DeployRelease|x64.ActiveCfg = Release|x64
		{FC0B99FC-72FB-D844-8D3F-2D0850B14D7A}.DeployRelease|x64.Build.0 = Release|x64
		{FC0B99FC-72FB-D844-8D3F-2D0850B14D7A}.Dep-SSE2|x64.ActiveCfg = Dep-SSE2|x64
		{FC0B99FC-72FB-D844-8D3F-2D0850B14D7A}.Dep-SSE2|x64.Build.0 = Dep-SSE2|x64
		{FC0B99FC-72FB-D844-8D3F-2D0850B14D7A}.IntelRelAvx2MT|x64.ActiveCfg = ReleaseAVX2 MT|x64
		{FC0B99FC-72FB-D844-8D3F-2D0850B14D7A}.IntelRelAvx2MT|x64.Build.0 = ReleaseAVX2 MT|x64
		{FC0B99FC-72FB-D844-8D3F-2D0850B14D7A}.MinSizeRel|x64.ActiveCfg = ReleaseAVX2 MT|x64
		{FC0B99FC-72FB-D844-8D3F-2D0850B14D7A}.MinSizeRel|x64.Build.0 = ReleaseAVX2 MT|x64
		{FC0B99FC-72FB-D844-8D3F-2D0850B14D7A}.PreRelease MT|x64.ActiveCfg = Release|x64
		{FC0B99FC-72FB-D844-8D3F-2D0850B14D7A}.PreRelease MT|x64.Build.0 = Release|x64
		{FC0B99FC-72FB-D844-8D3F-2D0850B14D7A}.PreRelease|x64.ActiveCfg = Release|x64
		{FC0B99FC-72FB-D844-8D3F-2D0850B14D7A}.PreRelease|x64.Build.0 = Release|x64
		{FC0B99FC-72FB-D844-8D3F-2D0850B14D7A}.PreReleaseAVX2 MT|x64.ActiveCfg = ReleaseAVX2 MT|x64
		{FC0B99FC-72FB-D844-8D3F-2D0850B14D7A}.PreReleaseAVX2 MT|x64.Build.0 = ReleaseAVX2 MT|x64
		{FC0B99FC-72FB-D844-8D3F-2D0850B14D7A}.Release MT|x64.ActiveCfg = ReleaseAVX2 MT|x64
		{FC0B99FC-72FB-D844-8D3F-2D0850B14D7A}.Release MT|x64.Build.0 = ReleaseAVX2 MT|x64
		{FC0B99FC-72FB-D844-8D3F-2D0850B14D7A}.Release|x64.ActiveCfg = Release|x64
		{FC0B99FC-72FB-D844-8D3F-2D0850B14D7A}.Release|x64.Build.0 = Release|x64
		{FC0B99FC-72FB-D844-8D3F-2D0850B14D7A}.ReleaseAVX2 MT W7|x64.ActiveCfg = ReleaseAVX2 MT|x64
		{FC0B99FC-72FB-D844-8D3F-2D0850B14D7A}.ReleaseAVX2 MT W7|x64.Build.0 = ReleaseAVX2 MT|x64
		{FC0B99FC-72FB-D844-8D3F-2D0850B14D7A}.ReleaseAVX2 MT|x64.ActiveCfg = ReleaseAVX2 MT|x64
		{FC0B99FC-72FB-D844-8D3F-2D0850B14D7A}.ReleaseAVX2 MT|x64.Build.0 = ReleaseAVX2 MT|x64
		{FC0B99FC-72FB-D844-8D3F-2D0850B14D7A}.ReleaseAVX2|x64.ActiveCfg = ReleaseAVX2 MT|x64
		{FC0B99FC-72FB-D844-8D3F-2D0850B14D7A}.ReleaseAVX2|x64.Build.0 = ReleaseAVX2 MT|x64
		{FC0B99FC-72FB-D844-8D3F-2D0850B14D7A}.RelWithDebInfo|x64.ActiveCfg = ReleaseAVX2 MT|x64
		{FC0B99FC-72FB-D844-8D3F-2D0850B14D7A}.RelWithDebInfo|x64.Build.0 = ReleaseAVX2 MT|x64
		{9F07095D-EF2F-3457-A7F9-A6525205AF80}.Debug|x64.ActiveCfg = Debug|x64
		{9F07095D-EF2F-3457-A7F9-A6525205AF80}.Debug|x64.Build.0 = Debug|x64
		{9F07095D-EF2F-3457-A7F9-A6525205AF80}.Dep-AVX|x64.ActiveCfg = Dep-AVX|x64
		{9F07095D-EF2F-3457-A7F9-A6525205AF80}.Dep-AVX|x64.Build.0 = Dep-AVX|x64
		{9F07095D-EF2F-3457-A7F9-A6525205AF80}.Dep-AVX2|x64.ActiveCfg = Dep-AVX2|x64
		{9F07095D-EF2F-3457-A7F9-A6525205AF80}.Dep-AVX2|x64.Build.0 = Dep-AVX2|x64
		{9F07095D-EF2F-3457-A7F9-A6525205AF80}.Dep-IntelAvx2MT|x64.ActiveCfg = Debug|x64
		{9F07095D-EF2F-3457-A7F9-A6525205AF80}.Dep-IntelAvx2MT|x64.Build.0 = Debug|x64
		{9F07095D-EF2F-3457-A7F9-A6525205AF80}.Dep-IntelSSE42MT|x64.ActiveCfg = Debug|x64
		{9F07095D-EF2F-3457-A7F9-A6525205AF80}.Dep-IntelSSE42MT|x64.Build.0 = Debug|x64
		{9F07095D-EF2F-3457-A7F9-A6525205AF80}.DeployRelease|x64.ActiveCfg = Release|x64
		{9F07095D-EF2F-3457-A7F9-A6525205AF80}.DeployRelease|x64.Build.0 = Release|x64
		{9F07095D-EF2F-3457-A7F9-A6525205AF80}.Dep-SSE2|x64.ActiveCfg = Dep-SSE2|x64
		{9F07095D-EF2F-3457-A7F9-A6525205AF80}.Dep-SSE2|x64.Build.0 = Dep-SSE2|x64
		{9F07095D-EF2F-3457-A7F9-A6525205AF80}.IntelRelAvx2MT|x64.ActiveCfg = RelWithDebInfo|x64
		{9F07095D-EF2F-3457-A7F9-A6525205AF80}.IntelRelAvx2MT|x64.Build.0 = RelWithDebInfo|x64
		{9F07095D-EF2F-3457-A7F9-A6525205AF80}.MinSizeRel|x64.ActiveCfg = MinSizeRel|x64
		{9F07095D-EF2F-3457-A7F9-A6525205AF80}.MinSizeRel|x64.Build.0 = MinSizeRel|x64
		{9F07095D-EF2F-3457-A7F9-A6525205AF80}.PreRelease MT|x64.ActiveCfg = Release|x64
		{9F07095D-EF2F-3457-A7F9-A6525205AF80}.PreRelease MT|x64.Build.0 = Release|x64
		{9F07095D-EF2F-3457-A7F9-A6525205AF80}.PreRelease|x64.ActiveCfg = Release|x64
		{9F07095D-EF2F-3457-A7F9-A6525205AF80}.PreRelease|x64.Build.0 = Release|x64
		{9F07095D-EF2F-3457-A7F9-A6525205AF80}.PreReleaseAVX2 MT|x64.ActiveCfg = Release|x64
		{9F07095D-EF2F-3457-A7F9-A6525205AF80}.PreReleaseAVX2 MT|x64.Build.0 = Release|x64
		{9F07095D-EF2F-3457-A7F9-A6525205AF80}.Release MT|x64.ActiveCfg = Release|x64
		{9F07095D-EF2F-3457-A7F9-A6525205AF80}.Release MT|x64.Build.0 = Release|x64
		{9F07095D-EF2F-3457-A7F9-A6525205AF80}.Release|x64.ActiveCfg = Release|x64
		{9F07095D-EF2F-3457-A7F9-A6525205AF80}.Release|x64.Build.0 = Release|x64
		{9F07095D-EF2F-3457-A7F9-A6525205AF80}.ReleaseAVX2 MT W7|x64.ActiveCfg = Release|x64
		{9F07095D-EF2F-3457-A7F9-A6525205AF80}.ReleaseAVX2 MT W7|x64.Build.0 = Release|x64
		{9F07095D-EF2F-3457-A7F9-A6525205AF80}.ReleaseAVX2 MT|x64.ActiveCfg = Release|x64
		{9F07095D-EF2F-3457-A7F9-A6525205AF80}.ReleaseAVX2 MT|x64.Build.0 = Release|x64
		{9F07095D-EF2F-3457-A7F9-A6525205AF80}.ReleaseAVX2|x64.ActiveCfg = Release|x64
		{9F07095D-EF2F-3457-A7F9-A6525205AF80}.ReleaseAVX2|x64.Build.0 = Release|x64
		{9F07095D-EF2F-3457-A7F9-A6525205AF80}.RelWithDebInfo|x64.ActiveCfg = RelWithDebInfo|x64
		{9F07095D-EF2F-3457-A7F9-A6525205AF80}.RelWithDebInfo|x64.Build.0 = RelWithDebInfo|x64
		{AA8720F5-D51B-3E63-8A1A-AFFA6FE7A1BF}.Debug|x64.ActiveCfg = Debug|x64
		{AA8720F5-D51B-3E63-8A1A-AFFA6FE7A1BF}.Debug|x64.Build.0 = Debug|x64
		{AA8720F5-D51B-3E63-8A1A-AFFA6FE7A1BF}.Dep-AVX|x64.ActiveCfg = Dep-AVX|x64
		{AA8720F5-D51B-3E63-8A1A-AFFA6FE7A1BF}.Dep-AVX|x64.Build.0 = Dep-AVX|x64
		{AA8720F5-D51B-3E63-8A1A-AFFA6FE7A1BF}.Dep-AVX2|x64.ActiveCfg = Dep-AVX2|x64
		{AA8720F5-D51B-3E63-8A1A-AFFA6FE7A1BF}.Dep-AVX2|x64.Build.0 = Dep-AVX2|x64
		{AA8720F5-D51B-3E63-8A1A-AFFA6FE7A1BF}.Dep-IntelAvx2MT|x64.ActiveCfg = Debug|x64
		{AA8720F5-D51B-3E63-8A1A-AFFA6FE7A1BF}.Dep-IntelAvx2MT|x64.Build.0 = Debug|x64
		{AA8720F5-D51B-3E63-8A1A-AFFA6FE7A1BF}.Dep-IntelSSE42MT|x64.ActiveCfg = Debug|x64
		{AA8720F5-D51B-3E63-8A1A-AFFA6FE7A1BF}.Dep-IntelSSE42MT|x64.Build.0 = Debug|x64
		{AA8720F5-D51B-3E63-8A1A-AFFA6FE7A1BF}.DeployRelease|x64.ActiveCfg = Release|x64
		{AA8720F5-D51B-3E63-8A1A-AFFA6FE7A1BF}.DeployRelease|x64.Build.0 = Release|x64
		{AA8720F5-D51B-3E63-8A1A-AFFA6FE7A1BF}.Dep-SSE2|x64.ActiveCfg = Dep-SSE2|x64
		{AA8720F5-D51B-3E63-8A1A-AFFA6FE7A1BF}.Dep-SSE2|x64.Build.0 = Dep-SSE2|x64
		{AA8720F5-D51B-3E63-8A1A-AFFA6FE7A1BF}.IntelRelAvx2MT|x64.ActiveCfg = RelWithDebInfo|x64
		{AA8720F5-D51B-3E63-8A1A-AFFA6FE7A1BF}.IntelRelAvx2MT|x64.Build.0 = RelWithDebInfo|x64
		{AA8720F5-D51B-3E63-8A1A-AFFA6FE7A1BF}.MinSizeRel|x64.ActiveCfg = MinSizeRel|x64
		{AA8720F5-D51B-3E63-8A1A-AFFA6FE7A1BF}.MinSizeRel|x64.Build.0 = MinSizeRel|x64
		{AA8720F5-D51B-3E63-8A1A-AFFA6FE7A1BF}.PreRelease MT|x64.ActiveCfg = Release|x64
		{AA8720F5-D51B-3E63-8A1A-AFFA6FE7A1BF}.PreRelease MT|x64.Build.0 = Release|x64
		{AA8720F5-D51B-3E63-8A1A-AFFA6FE7A1BF}.PreRelease|x64.ActiveCfg = Release|x64
		{AA8720F5-D51B-3E63-8A1A-AFFA6FE7A1BF}.PreRelease|x64.Build.0 = Release|x64
		{AA8720F5-D51B-3E63-8A1A-AFFA6FE7A1BF}.PreReleaseAVX2 MT|x64.ActiveCfg = Release|x64
		{AA8720F5-D51B-3E63-8A1A-AFFA6FE7A1BF}.PreReleaseAVX2 MT|x64.Build.0 = Release|x64
		{AA8720F5-D51B-3E63-8A1A-AFFA6FE7A1BF}.Release MT|x64.ActiveCfg = Release|x64
		{AA8720F5-D51B-3E63-8A1A-AFFA6FE7A1BF}.Release MT|x64.Build.0 = Release|x64
		{AA8720F5-D51B-3E63-8A1A-AFFA6FE7A1BF}.Release|x64.ActiveCfg = Release|x64
		{AA8720F5-D51B-3E63-8A1A-AFFA6FE7A1BF}.Release|x64.Build.0 = Release|x64
		{AA8720F5-D51B-3E63-8A1A-AFFA6FE7A1BF}.ReleaseAVX2 MT W7|x64.ActiveCfg = Release|x64
		{AA8720F5-D51B-3E63-8A1A-AFFA6FE7A1BF}.ReleaseAVX2 MT W7|x64.Build.0 = Release|x64
		{AA8720F5-D51B-3E63-8A1A-AFFA6FE7A1BF}.ReleaseAVX2 MT|x64.ActiveCfg = Release|x64
		{AA8720F5-D51B-3E63-8A1A-AFFA6FE7A1BF}.ReleaseAVX2 MT|x64.Build.0 = Release|x64
		{AA8720F5-D51B-3E63-8A1A-AFFA6FE7A1BF}.ReleaseAVX2|x64.ActiveCfg = Release|x64
		{AA8720F5-D51B-3E63-8A1A-AFFA6FE7A1BF}.ReleaseAVX2|x64.Build.0 = Release|x64
		{AA8720F5-D51B-3E63-8A1A-AFFA6FE7A1BF}.RelWithDebInfo|x64.ActiveCfg = RelWithDebInfo|x64
		{AA8720F5-D51B-3E63-8A1A-AFFA6FE7A1BF}.RelWithDebInfo|x64.Build.0 = RelWithDebInfo|x64
		{9C77C6B0-2B22-3322-A98C-38C9E1722617}.Debug|x64.ActiveCfg = Debug|x64
		{9C77C6B0-2B22-3322-A98C-38C9E1722617}.Debug|x64.Build.0 = Debug|x64
		{9C77C6B0-2B22-3322-A98C-38C9E1722617}.Dep-AVX|x64.ActiveCfg = Dep-AVX|x64
		{9C77C6B0-2B22-3322-A98C-38C9E1722617}.Dep-AVX|x64.Build.0 = Dep-AVX|x64
		{9C77C6B0-2B22-3322-A98C-38C9E1722617}.Dep-AVX2|x64.ActiveCfg = Dep-AVX2|x64
		{9C77C6B0-2B22-3322-A98C-38C9E1722617}.Dep-AVX2|x64.Build.0 = Dep-AVX2|x64
		{9C77C6B0-2B22-3322-A98C-38C9E1722617}.Dep-IntelAvx2MT|x64.ActiveCfg = Debug|x64
		{9C77C6B0-2B22-3322-A98C-38C9E1722617}.Dep-IntelAvx2MT|x64.Build.0 = Debug|x64
		{9C77C6B0-2B22-3322-A98C-38C9E1722617}.Dep-IntelSSE42MT|x64.ActiveCfg = Debug|x64
		{9C77C6B0-2B22-3322-A98C-38C9E1722617}.Dep-IntelSSE42MT|x64.Build.0 = Debug|x64
		{9C77C6B0-2B22-3322-A98C-38C9E1722617}.DeployRelease|x64.ActiveCfg = Release|x64
		{9C77C6B0-2B22-3322-A98C-38C9E1722617}.DeployRelease|x64.Build.0 = Release|x64
		{9C77C6B0-2B22-3322-A98C-38C9E1722617}.Dep-SSE2|x64.ActiveCfg = Dep-SSE2|x64
		{9C77C6B0-2B22-3322-A98C-38C9E1722617}.Dep-SSE2|x64.Build.0 = Dep-SSE2|x64
		{9C77C6B0-2B22-3322-A98C-38C9E1722617}.IntelRelAvx2MT|x64.ActiveCfg = ReleaseAVX2 MT|x64
		{9C77C6B0-2B22-3322-A98C-38C9E1722617}.IntelRelAvx2MT|x64.Build.0 = ReleaseAVX2 MT|x64
		{9C77C6B0-2B22-3322-A98C-38C9E1722617}.MinSizeRel|x64.ActiveCfg = MinSizeRel|x64
		{9C77C6B0-2B22-3322-A98C-38C9E1722617}.MinSizeRel|x64.Build.0 = MinSizeRel|x64
		{9C77C6B0-2B22-3322-A98C-38C9E1722617}.PreRelease MT|x64.ActiveCfg = Release|x64
		{9C77C6B0-2B22-3322-A98C-38C9E1722617}.PreRelease MT|x64.Build.0 = Release|x64
		{9C77C6B0-2B22-3322-A98C-38C9E1722617}.PreRelease|x64.ActiveCfg = Release|x64
		{9C77C6B0-2B22-3322-A98C-38C9E1722617}.PreRelease|x64.Build.0 = Release|x64
		{9C77C6B0-2B22-3322-A98C-38C9E1722617}.PreReleaseAVX2 MT|x64.ActiveCfg = ReleaseAVX2 MT|x64
		{9C77C6B0-2B22-3322-A98C-38C9E1722617}.PreReleaseAVX2 MT|x64.Build.0 = ReleaseAVX2 MT|x64
		{9C77C6B0-2B22-3322-A98C-38C9E1722617}.Release MT|x64.ActiveCfg = ReleaseAVX2 MT|x64
		{9C77C6B0-2B22-3322-A98C-38C9E1722617}.Release MT|x64.Build.0 = ReleaseAVX2 MT|x64
		{9C77C6B0-2B22-3322-A98C-38C9E1722617}.Release|x64.ActiveCfg = Release|x64
		{9C77C6B0-2B22-3322-A98C-38C9E1722617}.Release|x64.Build.0 = Release|x64
		{9C77C6B0-2B22-3322-A98C-38C9E1722617}.ReleaseAVX2 MT W7|x64.ActiveCfg = ReleaseAVX2 MT|x64
		{9C77C6B0-2B22-3322-A98C-38C9E1722617}.ReleaseAVX2 MT W7|x64.Build.0 = ReleaseAVX2 MT|x64
		{9C77C6B0-2B22-3322-A98C-38C9E1722617}.ReleaseAVX2 MT|x64.ActiveCfg = ReleaseAVX2 MT|x64
		{9C77C6B0-2B22-3322-A98C-38C9E1722617}.ReleaseAVX2 MT|x64.Build.0 = ReleaseAVX2 MT|x64
		{9C77C6B0-2B22-3322-A98C-38C9E1722617}.ReleaseAVX2|x64.ActiveCfg = ReleaseAVX2 MT|x64
		{9C77C6B0-2B22-3322-A98C-38C9E1722617}.ReleaseAVX2|x64.Build.0 = ReleaseAVX2 MT|x64
		{9C77C6B0-2B22-3322-A98C-38C9E1722617}.RelWithDebInfo|x64.ActiveCfg = RelWithDebInfo|x64
		{9C77C6B0-2B22-3322-A98C-38C9E1722617}.RelWithDebInfo|x64.Build.0 = RelWithDebInfo|x64
	EndGlobalSection
	GlobalSection(SolutionProperties) = preSolution
		HideSolutionNode = FALSE
	EndGlobalSection
	GlobalSection(ExtensibilityGlobals) = postSolution
		SolutionGuid = {25F95337-C86D-4A48-90A6-45FDF7812DB4}
	EndGlobalSection
EndGlobal
