<?xml version="1.0" encoding="utf-8"?>
<Project ToolsVersion="4.0" xmlns="http://schemas.microsoft.com/developer/msbuild/2003">
  <ItemGroup>
    <Filter Include="Source Files">
      <UniqueIdentifier>{4FC737F1-C7A5-4376-A066-2A32D752A2FF}</UniqueIdentifier>
      <Extensions>cpp;c;cc;cxx;c++;def;odl;idl;hpj;bat;asm;asmx</Extensions>
    </Filter>
    <Filter Include="Header Files">
      <UniqueIdentifier>{93995380-89BD-4b04-88EB-625FBE52EBFB}</UniqueIdentifier>
      <Extensions>h;hh;hpp;hxx;h++;hm;inl;inc;ipp;xsd</Extensions>
    </Filter>
    <Filter Include="Resource Files">
      <UniqueIdentifier>{67DA6AB6-F800-4c08-8B7A-83BB121AAD01}</UniqueIdentifier>
      <Extensions>rc;ico;cur;bmp;dlg;rc2;rct;bin;rgs;gif;jpg;jpeg;jpe;resx;tiff;tif;png;wav;mfcribbon-ms</Extensions>
    </Filter>
    <Filter Include="Source Files\Drivers">
      <UniqueIdentifier>{9c0afcca-8f41-4aac-8193-873fdddbdf55}</UniqueIdentifier>
    </Filter>
    <Filter Include="Header Files\Drivers">
      <UniqueIdentifier>{d4624453-7199-4a6b-9602-f9f9c687edba}</UniqueIdentifier>
    </Filter>
    <Filter Include="Source Files\ImGui">
      <UniqueIdentifier>{9ed46fec-9340-4943-9765-2bb06114b0d3}</UniqueIdentifier>
    </Filter>
    <Filter Include="Header Files\ImGui">
      <UniqueIdentifier>{eb757f9f-e482-40ec-b4dd-0e262f08c179}</UniqueIdentifier>
    </Filter>
    <Filter Include="Source Files\CBP">
      <UniqueIdentifier>{afa68cd6-ee50-4a97-8635-fdcc34173daf}</UniqueIdentifier>
    </Filter>
    <Filter Include="Header Files\CBP">
      <UniqueIdentifier>{03f08e8e-3171-42b4-b15b-97e84bbc3653}</UniqueIdentifier>
    </Filter>
    <Filter Include="Config">
      <UniqueIdentifier>{77f7833a-054b-45e2-b002-c7f66bd8d4aa}</UniqueIdentifier>
    </Filter>
    <Filter Include="Scripts">
      <UniqueIdentifier>{9771a003-fdd2-47f6-9146-e435901816a4}</UniqueIdentifier>
    </Filter>
    <Filter Include="Config\CBPData">
      <UniqueIdentifier>{e0cb373c-14d7-4ef0-b085-ca058bedd21f}</UniqueIdentifier>
    </Filter>
    <Filter Include="Config\CBPNodeProfiles">
      <UniqueIdentifier>{b9c8c6df-1dae-4738-ba7d-bca76e2c0df4}</UniqueIdentifier>
    </Filter>
    <Filter Include="Config\CBPProfiles">
      <UniqueIdentifier>{583c8d1c-0972-4eeb-b8a8-191e9e7efe02}</UniqueIdentifier>
    </Filter>
  </ItemGroup>
  <ItemGroup>
    <ClInclude Include="pch.h">
      <Filter>Header Files</Filter>
    </ClInclude>
    <ClInclude Include="common.h">
      <Filter>Header Files</Filter>
    </ClInclude>
    <ClInclude Include="patching.h">
      <Filter>Header Files</Filter>
    </ClInclude>
    <ClInclude Include="skse.h">
      <Filter>Header Files</Filter>
    </ClInclude>
    <ClInclude Include="logging.h">
      <Filter>Header Files</Filter>
    </ClInclude>
    <ClInclude Include="version.h">
      <Filter>Header Files</Filter>
    </ClInclude>
    <ClInclude Include="macro_helpers.h">
      <Filter>Header Files</Filter>
    </ClInclude>
    <ClInclude Include="plugin.h">
      <Filter>Header Files</Filter>
    </ClInclude>
    <ClInclude Include="gui.h">
      <Filter>Header Files\Drivers</Filter>
    </ClInclude>
    <ClInclude Include="input.h">
      <Filter>Header Files\Drivers</Filter>
    </ClInclude>
    <ClInclude Include="events.h">
      <Filter>Header Files\Drivers</Filter>
    </ClInclude>
    <ClInclude Include="imgui_impl_dx11.h">
      <Filter>Header Files\ImGui</Filter>
    </ClInclude>
    <ClInclude Include="imgui_impl_win32.h">
      <Filter>Header Files\ImGui</Filter>
    </ClInclude>
    <ClInclude Include="game.h">
      <Filter>Header Files</Filter>
    </ClInclude>
    <ClInclude Include="cbp.h">
      <Filter>Header Files\Drivers</Filter>
    </ClInclude>
    <ClInclude Include="config.h">
      <Filter>Header Files</Filter>
    </ClInclude>
    <ClInclude Include="tasks.h">
      <Filter>Header Files\Drivers</Filter>
    </ClInclude>
    <ClInclude Include="CBPUI.h">
      <Filter>Header Files\CBP</Filter>
    </ClInclude>
    <ClInclude Include="CBPconfig.h">
      <Filter>Header Files\CBP</Filter>
    </ClInclude>
    <ClInclude Include="CBPData.h">
      <Filter>Header Files\CBP</Filter>
    </ClInclude>
    <ClInclude Include="CBPPapyrus.h">
      <Filter>Header Files\CBP</Filter>
    </ClInclude>
    <ClInclude Include="CBPProfile.h">
      <Filter>Header Files\CBP</Filter>
    </ClInclude>
    <ClInclude Include="CBPSerialization.h">
      <Filter>Header Files\CBP</Filter>
    </ClInclude>
    <ClInclude Include="CBPSimObj.h">
      <Filter>Header Files\CBP</Filter>
    </ClInclude>
    <ClInclude Include="CBPThing.h">
      <Filter>Header Files\CBP</Filter>
    </ClInclude>
    <ClInclude Include="CBPCollision.h">
      <Filter>Header Files\CBP</Filter>
    </ClInclude>
    <ClInclude Include="render.h">
      <Filter>Header Files\Drivers</Filter>
    </ClInclude>
    <ClInclude Include="CBPProfiling.h">
      <Filter>Header Files\CBP</Filter>
    </ClInclude>
    <ClInclude Include="CBPRenderer.h">
      <Filter>Header Files\CBP</Filter>
    </ClInclude>
    <ClInclude Include="misc.h">
      <Filter>Header Files</Filter>
    </ClInclude>
    <ClInclude Include="CBPUpdater.h">
      <Filter>Header Files\CBP</Filter>
    </ClInclude>
  </ItemGroup>
  <ItemGroup>
    <ClCompile Include="dllmain.cpp">
      <Filter>Source Files</Filter>
    </ClCompile>
    <ClCompile Include="pch.cpp">
      <Filter>Source Files</Filter>
    </ClCompile>
    <ClCompile Include="skse.cpp">
      <Filter>Source Files</Filter>
    </ClCompile>
    <ClCompile Include="logging.cpp">
      <Filter>Source Files</Filter>
    </ClCompile>
    <ClCompile Include="gui.cpp">
      <Filter>Source Files\Drivers</Filter>
    </ClCompile>
    <ClCompile Include="input.cpp">
      <Filter>Source Files\Drivers</Filter>
    </ClCompile>
    <ClCompile Include="events.cpp">
      <Filter>Source Files\Drivers</Filter>
    </ClCompile>
    <ClCompile Include="imgui_impl_dx11.cpp">
      <Filter>Source Files\ImGui</Filter>
    </ClCompile>
    <ClCompile Include="imgui_impl_win32.cpp">
      <Filter>Source Files\ImGui</Filter>
    </ClCompile>
    <ClCompile Include="game.cpp">
      <Filter>Source Files</Filter>
    </ClCompile>
    <ClCompile Include="cbp.cpp">
      <Filter>Source Files\Drivers</Filter>
    </ClCompile>
    <ClCompile Include="config.cpp">
      <Filter>Source Files</Filter>
    </ClCompile>
    <ClCompile Include="tasks.cpp">
      <Filter>Source Files\Drivers</Filter>
    </ClCompile>
    <ClCompile Include="CBPUI.cpp">
      <Filter>Source Files\CBP</Filter>
    </ClCompile>
    <ClCompile Include="CBPconfig.cpp">
      <Filter>Source Files\CBP</Filter>
    </ClCompile>
    <ClCompile Include="CBPData.cpp">
      <Filter>Source Files\CBP</Filter>
    </ClCompile>
    <ClCompile Include="CBPPapyrus.cpp">
      <Filter>Source Files\CBP</Filter>
    </ClCompile>
    <ClCompile Include="CBPProfile.cpp">
      <Filter>Source Files\CBP</Filter>
    </ClCompile>
    <ClCompile Include="CBPSerialization.cpp">
      <Filter>Source Files\CBP</Filter>
    </ClCompile>
    <ClCompile Include="CBPSimObj.cpp">
      <Filter>Source Files\CBP</Filter>
    </ClCompile>
    <ClCompile Include="CBPThing.cpp">
      <Filter>Source Files\CBP</Filter>
    </ClCompile>
    <ClCompile Include="CBPCollision.cpp">
      <Filter>Source Files\CBP</Filter>
    </ClCompile>
    <ClCompile Include="render.cpp">
      <Filter>Source Files\Drivers</Filter>
    </ClCompile>
    <ClCompile Include="CBPRenderer.cpp">
      <Filter>Source Files\CBP</Filter>
    </ClCompile>
    <ClCompile Include="CBPProfiling.cpp">
      <Filter>Source Files\CBP</Filter>
    </ClCompile>
    <ClCompile Include="CBPUpdater.cpp">
      <Filter>Source Files\CBP</Filter>
    </ClCompile>
  </ItemGroup>
  <ItemGroup>
    <None Include="exports.def" />
    <None Include="..\README.md" />
    <None Include="Config\CBPNodes.json">
      <Filter>Config</Filter>
    </None>
    <None Include="..\scripts\CBP.psc">
      <Filter>Scripts</Filter>
    </None>
    <None Include="Config\CBP.ini">
      <Filter>Config</Filter>
    </None>
    <None Include="Config\CBPData\CollisionGroups.json">
      <Filter>Config\CBPData</Filter>
    </None>
    <None Include="Config\CBPData\GlobalProfile.json">
      <Filter>Config\CBPData</Filter>
    </None>
    <None Include="Config\CBPNodeProfiles\UNP Basic.json">
      <Filter>Config\CBPNodeProfiles</Filter>
    </None>
    <None Include="Config\CBPProfiles\UNP Basic.json">
      <Filter>Config\CBPProfiles</Filter>
    </None>
  </ItemGroup>
  <ItemGroup>
    <Text Include="Config\CBPConfig.txt">
      <Filter>Config</Filter>
    </Text>
  </ItemGroup>
</Project>