<?xml version="1.0" encoding="utf-8"?>
<Project ToolsVersion="4.0" xmlns="http://schemas.microsoft.com/developer/msbuild/2003">
  <ItemGroup>
    <Filter Include="Source Files">
      <UniqueIdentifier>{4FC737F1-C7A5-4376-A066-2A32D752A2FF}</UniqueIdentifier>
      <Extensions>cpp;c;cc;cxx;c++;def;odl;idl;hpj;bat;asm;asmx</Extensions>
    </Filter>
    <Filter Include="Header Files">
      <UniqueIdentifier>{93995380-89BD-4b04-88EB-625FBE52EBFB}</UniqueIdentifier>
      <Extensions>h;hh;hpp;hxx;h++;hm;inl;inc;ipp;xsd</Extensions>
    </Filter>
    <Filter Include="Resource Files">
      <UniqueIdentifier>{67DA6AB6-F800-4c08-8B7A-83BB121AAD01}</UniqueIdentifier>
      <Extensions>rc;ico;cur;bmp;dlg;rc2;rct;bin;rgs;gif;jpg;jpeg;jpe;resx;tiff;tif;png;wav;mfcribbon-ms</Extensions>
    </Filter>
    <Filter Include="Source Files\Drivers">
      <UniqueIdentifier>{9c0afcca-8f41-4aac-8193-873fdddbdf55}</UniqueIdentifier>
    </Filter>
    <Filter Include="Header Files\Drivers">
      <UniqueIdentifier>{d4624453-7199-4a6b-9602-f9f9c687edba}</UniqueIdentifier>
    </Filter>
    <Filter Include="Source Files\ImGui">
      <UniqueIdentifier>{9ed46fec-9340-4943-9765-2bb06114b0d3}</UniqueIdentifier>
    </Filter>
    <Filter Include="Header Files\ImGui">
      <UniqueIdentifier>{eb757f9f-e482-40ec-b4dd-0e262f08c179}</UniqueIdentifier>
    </Filter>
    <Filter Include="Source Files\CBP">
      <UniqueIdentifier>{afa68cd6-ee50-4a97-8635-fdcc34173daf}</UniqueIdentifier>
    </Filter>
    <Filter Include="Header Files\CBP">
      <UniqueIdentifier>{03f08e8e-3171-42b4-b15b-97e84bbc3653}</UniqueIdentifier>
    </Filter>
    <Filter Include="Config">
      <UniqueIdentifier>{77f7833a-054b-45e2-b002-c7f66bd8d4aa}</UniqueIdentifier>
    </Filter>
    <Filter Include="Scripts">
      <UniqueIdentifier>{9771a003-fdd2-47f6-9146-e435901816a4}</UniqueIdentifier>
    </Filter>
    <Filter Include="Config\CBP">
      <UniqueIdentifier>{965121b5-20d0-4160-ba74-446eb2231f99}</UniqueIdentifier>
    </Filter>
    <Filter Include="Config\CBP\Profiles">
      <UniqueIdentifier>{8b9e4c7d-9a31-4f9f-91ef-543867d8ca46}</UniqueIdentifier>
    </Filter>
    <Filter Include="Config\CBP\Settings">
      <UniqueIdentifier>{0f32a766-9f65-4ae7-8e6e-fbfa4b146012}</UniqueIdentifier>
    </Filter>
    <Filter Include="Config\CBP\Profiles\Physics">
      <UniqueIdentifier>{0b96ddd8-c58e-4bf2-a8ba-5917da57b842}</UniqueIdentifier>
    </Filter>
    <Filter Include="Config\CBP\Profiles\Node">
      <UniqueIdentifier>{ce412327-bf33-4fb8-8390-b95912fd258f}</UniqueIdentifier>
    </Filter>
    <Filter Include="Installer">
      <UniqueIdentifier>{7bf4bb86-bf0e-4c8b-804a-c74a49dc08e4}</UniqueIdentifier>
    </Filter>
    <Filter Include="Header Files\Common">
      <UniqueIdentifier>{dd6b3026-fea7-4228-a182-5879c849cb3a}</UniqueIdentifier>
    </Filter>
    <Filter Include="Source Files\Common">
      <UniqueIdentifier>{95edb7d9-3637-441e-a286-7007bda497ae}</UniqueIdentifier>
    </Filter>
  </ItemGroup>
  <ItemGroup>
    <ClInclude Include="pch.h">
      <Filter>Header Files</Filter>
    </ClInclude>
    <ClInclude Include="skse.h">
      <Filter>Header Files</Filter>
    </ClInclude>
    <ClInclude Include="version.h">
      <Filter>Header Files</Filter>
    </ClInclude>
    <ClInclude Include="macro_helpers.h">
      <Filter>Header Files</Filter>
    </ClInclude>
    <ClInclude Include="plugin.h">
      <Filter>Header Files</Filter>
    </ClInclude>
    <ClInclude Include="game.h">
      <Filter>Header Files</Filter>
    </ClInclude>
    <ClInclude Include="config.h">
      <Filter>Header Files</Filter>
    </ClInclude>
    <ClInclude Include="Drivers\cbp.h">
      <Filter>Header Files\Drivers</Filter>
    </ClInclude>
    <ClInclude Include="Drivers\gui.h">
      <Filter>Header Files\Drivers</Filter>
    </ClInclude>
    <ClInclude Include="Drivers\input.h">
      <Filter>Header Files\Drivers</Filter>
    </ClInclude>
    <ClInclude Include="Drivers\render.h">
      <Filter>Header Files\Drivers</Filter>
    </ClInclude>
    <ClInclude Include="Drivers\tasks.h">
      <Filter>Header Files\Drivers</Filter>
    </ClInclude>
    <ClInclude Include="Drivers\events.h">
      <Filter>Header Files\Drivers</Filter>
    </ClInclude>
    <ClInclude Include="CBP\Armor.h">
      <Filter>Header Files\CBP</Filter>
    </ClInclude>
    <ClInclude Include="CBP\Collision.h">
      <Filter>Header Files\CBP</Filter>
    </ClInclude>
    <ClInclude Include="CBP\Data.h">
      <Filter>Header Files\CBP</Filter>
    </ClInclude>
    <ClInclude Include="CBP\GameEventHandlers.h">
      <Filter>Header Files\CBP</Filter>
    </ClInclude>
    <ClInclude Include="CBP\Papyrus.h">
      <Filter>Header Files\CBP</Filter>
    </ClInclude>
    <ClInclude Include="CBP\Profile.h">
      <Filter>Header Files\CBP</Filter>
    </ClInclude>
    <ClInclude Include="CBP\Profiling.h">
      <Filter>Header Files\CBP</Filter>
    </ClInclude>
    <ClInclude Include="CBP\Renderer.h">
      <Filter>Header Files\CBP</Filter>
    </ClInclude>
    <ClInclude Include="CBP\Serialization.h">
      <Filter>Header Files\CBP</Filter>
    </ClInclude>
    <ClInclude Include="CBP\UI.h">
      <Filter>Header Files\CBP</Filter>
    </ClInclude>
    <ClInclude Include="ImGui\imgui_impl_dx11.h">
      <Filter>Header Files\ImGui</Filter>
    </ClInclude>
    <ClInclude Include="ImGui\imgui_impl_win32.h">
      <Filter>Header Files\ImGui</Filter>
    </ClInclude>
    <ClInclude Include="CBP\Template.h">
      <Filter>Header Files\CBP</Filter>
    </ClInclude>
    <ClInclude Include="CBP\SimObject.h">
      <Filter>Header Files\CBP</Filter>
    </ClInclude>
    <ClInclude Include="CBP\SimComponent.h">
      <Filter>Header Files\CBP</Filter>
    </ClInclude>
    <ClInclude Include="Common\ProfileManager.h">
      <Filter>Header Files\Common</Filter>
    </ClInclude>
    <ClInclude Include="Common\Serialization.h">
      <Filter>Header Files\Common</Filter>
    </ClInclude>
    <ClInclude Include="Common\UICommon.h">
      <Filter>Header Files\Common</Filter>
    </ClInclude>
    <ClInclude Include="Common\UIData.h">
      <Filter>Header Files\Common</Filter>
    </ClInclude>
    <ClInclude Include="Drivers\data.h">
      <Filter>Header Files\Drivers</Filter>
    </ClInclude>
    <ClInclude Include="Common\Data.h">
      <Filter>Header Files\Common</Filter>
    </ClInclude>
    <ClInclude Include="CBP\Controller.h">
      <Filter>Header Files\CBP</Filter>
    </ClInclude>
    <ClInclude Include="CBP\Config.h">
      <Filter>Header Files\CBP</Filter>
    </ClInclude>
    <ClInclude Include="resource.h">
      <Filter>Header Files</Filter>
    </ClInclude>
    <ClInclude Include="paths.h">
      <Filter>Header Files</Filter>
    </ClInclude>
    <ClInclude Include="gitparams.h">
      <Filter>Header Files</Filter>
    </ClInclude>
  </ItemGroup>
  <ItemGroup>
    <ClCompile Include="dllmain.cpp">
      <Filter>Source Files</Filter>
    </ClCompile>
    <ClCompile Include="pch.cpp">
      <Filter>Source Files</Filter>
    </ClCompile>
    <ClCompile Include="skse.cpp">
      <Filter>Source Files</Filter>
    </ClCompile>
    <ClCompile Include="game.cpp">
      <Filter>Source Files</Filter>
    </ClCompile>
    <ClCompile Include="config.cpp">
      <Filter>Source Files</Filter>
    </ClCompile>
    <ClCompile Include="Drivers\cbp.cpp">
      <Filter>Source Files\Drivers</Filter>
    </ClCompile>
    <ClCompile Include="Drivers\gui.cpp">
      <Filter>Source Files\Drivers</Filter>
    </ClCompile>
    <ClCompile Include="Drivers\input.cpp">
      <Filter>Source Files\Drivers</Filter>
    </ClCompile>
    <ClCompile Include="Drivers\render.cpp">
      <Filter>Source Files\Drivers</Filter>
    </ClCompile>
    <ClCompile Include="Drivers\tasks.cpp">
      <Filter>Source Files\Drivers</Filter>
    </ClCompile>
    <ClCompile Include="Drivers\events.cpp">
      <Filter>Source Files\Drivers</Filter>
    </ClCompile>
    <ClCompile Include="CBP\Armor.cpp">
      <Filter>Source Files\CBP</Filter>
    </ClCompile>
    <ClCompile Include="CBP\Collision.cpp">
      <Filter>Source Files\CBP</Filter>
    </ClCompile>
    <ClCompile Include="CBP\Data.cpp">
      <Filter>Source Files\CBP</Filter>
    </ClCompile>
    <ClCompile Include="CBP\GameEventHandlers.cpp">
      <Filter>Source Files\CBP</Filter>
    </ClCompile>
    <ClCompile Include="CBP\Papyrus.cpp">
      <Filter>Source Files\CBP</Filter>
    </ClCompile>
    <ClCompile Include="CBP\Profiling.cpp">
      <Filter>Source Files\CBP</Filter>
    </ClCompile>
    <ClCompile Include="CBP\Renderer.cpp">
      <Filter>Source Files\CBP</Filter>
    </ClCompile>
    <ClCompile Include="CBP\Serialization.cpp">
      <Filter>Source Files\CBP</Filter>
    </ClCompile>
    <ClCompile Include="CBP\UI.cpp">
      <Filter>Source Files\CBP</Filter>
    </ClCompile>
    <ClCompile Include="ImGui\imgui_impl_dx11.cpp">
      <Filter>Source Files\ImGui</Filter>
    </ClCompile>
    <ClCompile Include="ImGui\imgui_impl_win32.cpp">
      <Filter>Source Files\ImGui</Filter>
    </ClCompile>
    <ClCompile Include="CBP\Template.cpp">
      <Filter>Source Files\CBP</Filter>
    </ClCompile>
    <ClCompile Include="CBP\ConfigData.cpp">
      <Filter>Source Files\CBP</Filter>
    </ClCompile>
    <ClCompile Include="CBP\UIData.cpp">
      <Filter>Source Files\CBP</Filter>
    </ClCompile>
    <ClCompile Include="CBP\ProfileData.cpp">
      <Filter>Source Files\CBP</Filter>
    </ClCompile>
    <ClCompile Include="CBP\SimObject.cpp">
      <Filter>Source Files\CBP</Filter>
    </ClCompile>
    <ClCompile Include="CBP\SimComponent.cpp">
      <Filter>Source Files\CBP</Filter>
    </ClCompile>
    <ClCompile Include="Common\Serialization.cpp">
      <Filter>Source Files\Common</Filter>
    </ClCompile>
    <ClCompile Include="Common\UICommon.cpp">
      <Filter>Source Files\Common</Filter>
    </ClCompile>
    <ClCompile Include="Common\UIData.cpp">
      <Filter>Source Files\Common</Filter>
    </ClCompile>
    <ClCompile Include="Drivers\data.cpp">
      <Filter>Source Files\Drivers</Filter>
    </ClCompile>
    <ClCompile Include="CBP\Controller.cpp">
      <Filter>Source Files\CBP</Filter>
    </ClCompile>
    <ClCompile Include="CBP\ConfigDataISeg.cpp">
      <Filter>Source Files\CBP</Filter>
    </ClCompile>
    <ClCompile Include="CBP\Config.cpp">
      <Filter>Source Files\CBP</Filter>
    </ClCompile>
  </ItemGroup>
  <ItemGroup>
    <None Include="exports.def" />
    <None Include="..\README.md" />
    <None Include="..\scripts\CBP.psc">
      <Filter>Scripts</Filter>
    </None>
    <None Include="..\config\CBP\Profiles\Node\Blank.json">
      <Filter>Config\CBP\Profiles\Node</Filter>
    </None>
    <None Include="..\config\CBP\Profiles\Node\UNP Basic.json">
      <Filter>Config\CBP\Profiles\Node</Filter>
    </None>
    <None Include="..\config\CBP\Profiles\Physics\UNP Basic.json">
      <Filter>Config\CBP\Profiles\Physics</Filter>
    </None>
    <None Include="..\config\CBP\Settings\CollisionGroups.json">
      <Filter>Config\CBP\Settings</Filter>
    </None>
    <None Include="..\config\CBP\Default.json">
      <Filter>Config\CBP</Filter>
    </None>
    <None Include="..\config\CBP\Nodes.json">
      <Filter>Config\CBP</Filter>
    </None>
    <None Include="..\build.py" />
    <None Include="..\installer\generateFomod.py">
      <Filter>Installer</Filter>
    </None>
    <None Include="..\installer\mktemplate.py">
      <Filter>Installer</Filter>
    </None>
    <None Include="..\.gitignore" />
    <None Include="cpp.hint" />
    <None Include="..\config\CBP.ini">
      <Filter>Config</Filter>
    </None>
  </ItemGroup>
  <ItemGroup>
    <ResourceCompile Include="Resource.rc">
      <Filter>Resource Files</Filter>
    </ResourceCompile>
  </ItemGroup>
</Project>